
Microsoft Visual Studio Solution File, Format Version 12.00
# Visual Studio 15
VisualStudioVersion = 15.0.27004.2010
MinimumVisualStudioVersion = 10.0.40219.1
Project("{2150E333-8FDC-42A3-9474-1A3956D46DE8}") = "source", "source", "{7192C60D-8AE6-45BF-9203-FAEB23996D34}"
EndProject
Project("{9A19103F-16F7-4668-BE54-9A1E7A4F7556}") = "TheBoxSoftware", "Source\TheBoxSoftware\TheBoxSoftware.csproj", "{7F444A72-F280-4722-9816-926EC84875E4}"
EndProject
Project("{2150E333-8FDC-42A3-9474-1A3956D46DE8}") = "tests", "tests", "{AE045A3E-5EC9-4489-A462-BB8724E01A8A}"
EndProject
Global
	GlobalSection(SolutionConfigurationPlatforms) = preSolution
		Debug|Any CPU = Debug|Any CPU
		Release|Any CPU = Release|Any CPU
	EndGlobalSection
	GlobalSection(ProjectConfigurationPlatforms) = postSolution
		{7F444A72-F280-4722-9816-926EC84875E4}.Debug|Any CPU.ActiveCfg = Debug|Any CPU
		{7F444A72-F280-4722-9816-926EC84875E4}.Debug|Any CPU.Build.0 = Debug|Any CPU
		{7F444A72-F280-4722-9816-926EC84875E4}.Release|Any CPU.ActiveCfg = Release|Any CPU
		{7F444A72-F280-4722-9816-926EC84875E4}.Release|Any CPU.Build.0 = Release|Any CPU
	EndGlobalSection
	GlobalSection(SolutionProperties) = preSolution
		HideSolutionNode = FALSE
	EndGlobalSection
	GlobalSection(NestedProjects) = preSolution
		{7F444A72-F280-4722-9816-926EC84875E4} = {7192C60D-8AE6-45BF-9203-FAEB23996D34}
	EndGlobalSection
	GlobalSection(ExtensibilityGlobals) = postSolution
		SolutionGuid = {AFDAF445-C383-45F4-8186-5BC8991D9CF2}
	EndGlobalSection
EndGlobal
