
Microsoft Visual Studio Solution File, Format Version 12.00
# Visual Studio 15
VisualStudioVersion = 15.0.27004.2010
MinimumVisualStudioVersion = 10.0.40219.1
Project("{2150E333-8FDC-42A3-9474-1A3956D46DE8}") = "source", "source", "{7192C60D-8AE6-45BF-9203-FAEB23996D34}"
EndProject
Project("{9A19103F-16F7-4668-BE54-9A1E7A4F7556}") = "TheBoxSoftware", "Source\TheBoxSoftware\TheBoxSoftware.csproj", "{7F444A72-F280-4722-9816-926EC84875E4}"
EndProject
Project("{2150E333-8FDC-42A3-9474-1A3956D46DE8}") = "tests", "tests", "{AE045A3E-5EC9-4489-A462-BB8724E01A8A}"
EndProject
Project("{9A19103F-16F7-4668-BE54-9A1E7A4F7556}") = "TheBoxSoftware.Reflection", "Source\TheBoxSoftware.Reflection\TheBoxSoftware.Reflection.csproj", "{2CF8C06E-9A62-4887-9B0F-8D9F12756611}"
EndProject
Project("{9A19103F-16F7-4668-BE54-9A1E7A4F7556}") = "TheBoxSoftware.Reflection.Tests", "Source\TheBoxSoftware.Reflection.Tests\TheBoxSoftware.Reflection.Tests.csproj", "{31C25240-382E-4D7C-BF59-01B76D8C89B0}"
EndProject
Project("{9A19103F-16F7-4668-BE54-9A1E7A4F7556}") = "DocumentationTest", "Source\1. Tests\99. Old\DocumentationTest\DocumentationTest.csproj", "{E5479AA6-2345-4743-B750-B11EFCBFFAC8}"
EndProject
Project("{9A19103F-16F7-4668-BE54-9A1E7A4F7556}") = "TheBoxSoftware.Documentation", "Source\TheBoxSoftware.Documentation\TheBoxSoftware.Documentation.csproj", "{0B8AA021-532C-4FE9-B1F6-919CC5B4F6E9}"
EndProject
Project("{9A19103F-16F7-4668-BE54-9A1E7A4F7556}") = "TheBoxSoftware.Documentation.Tests", "Source\TheBoxSoftware.Documentation.Tests\TheBoxSoftware.Documentation.Tests.csproj", "{30F46BCB-C8FA-4BBD-A374-2F9B795A45D7}"
EndProject
Project("{9A19103F-16F7-4668-BE54-9A1E7A4F7556}") = "TheBoxSoftware.API.LiveDocumenter", "Source\TheBoxSoftware.API.LiveDocumenter\TheBoxSoftware.API.LiveDocumenter.csproj", "{44CED3A9-8AF2-424A-8A7D-112EB096818E}"
EndProject
Project("{9A19103F-16F7-4668-BE54-9A1E7A4F7556}") = "TheBoxSoftware.API.LiveDocumenter.Tests", "Source\TheBoxSoftware.API.LiveDocumenter.Tests\TheBoxSoftware.API.LiveDocumenter.Tests.csproj", "{74369504-09BB-45EC-9513-3DB20B6D7C30}"
EndProject
Project("{9A19103F-16F7-4668-BE54-9A1E7A4F7556}") = "TheBoxSoftware.DeveloperSuite.LiveDocumenter.Exporter", "Source\TheBoxSoftware.DeveloperSuite.LiveDocumenter.Exporter\TheBoxSoftware.DeveloperSuite.LiveDocumenter.Exporter.csproj", "{0573DD99-975E-4EA1-99BE-5DD6F759C075}"
EndProject
Project("{FAE04EC0-301F-11D3-BF4B-00C04F79EFBC}") = "TheBoxSoftware.DeveloperSuite.LiveDocumenter", "Source\TheBoxSoftware.DeveloperSuite.LiveDocumenter\TheBoxSoftware.DeveloperSuite.LiveDocumenter.csproj", "{A1DC656F-CF25-43A1-93E6-7AB3AA57B194}"
EndProject
Project("{FAE04EC0-301F-11D3-BF4B-00C04F79EFBC}") = "TheBoxSoftware.DeveloperSuite.PEViewer", "Source\TheBoxSoftware.DeveloperSuite.PeViewer\TheBoxSoftware.DeveloperSuite.PEViewer.csproj", "{E23C4A5D-127A-48B1-A17E-4972054A078F}"
EndProject
Project("{FAE04EC0-301F-11D3-BF4B-00C04F79EFBC}") = "TheBoxSoftware.DeveloperSuite.LiveDocumenter.Exporter.Tests", "TheBoxSoftware.DeveloperSuite.LiveDocumenter.Exporter.Tests\TheBoxSoftware.DeveloperSuite.LiveDocumenter.Exporter.Tests.csproj", "{52CDFDA7-2D70-4BC2-A1D0-94389F4DA3F1}"
EndProject
Global
	GlobalSection(SolutionConfigurationPlatforms) = preSolution
		Debug|Any CPU = Debug|Any CPU
		Release|Any CPU = Release|Any CPU
		Test|Any CPU = Test|Any CPU
	EndGlobalSection
	GlobalSection(ProjectConfigurationPlatforms) = postSolution
		{7F444A72-F280-4722-9816-926EC84875E4}.Debug|Any CPU.ActiveCfg = Debug|Any CPU
		{7F444A72-F280-4722-9816-926EC84875E4}.Debug|Any CPU.Build.0 = Debug|Any CPU
		{7F444A72-F280-4722-9816-926EC84875E4}.Release|Any CPU.ActiveCfg = Release|Any CPU
		{7F444A72-F280-4722-9816-926EC84875E4}.Release|Any CPU.Build.0 = Release|Any CPU
		{7F444A72-F280-4722-9816-926EC84875E4}.Test|Any CPU.ActiveCfg = Release|Any CPU
		{7F444A72-F280-4722-9816-926EC84875E4}.Test|Any CPU.Build.0 = Release|Any CPU
		{2CF8C06E-9A62-4887-9B0F-8D9F12756611}.Debug|Any CPU.ActiveCfg = Debug|Any CPU
		{2CF8C06E-9A62-4887-9B0F-8D9F12756611}.Debug|Any CPU.Build.0 = Debug|Any CPU
		{2CF8C06E-9A62-4887-9B0F-8D9F12756611}.Release|Any CPU.ActiveCfg = Release|Any CPU
		{2CF8C06E-9A62-4887-9B0F-8D9F12756611}.Release|Any CPU.Build.0 = Release|Any CPU
		{2CF8C06E-9A62-4887-9B0F-8D9F12756611}.Test|Any CPU.ActiveCfg = Release|Any CPU
		{2CF8C06E-9A62-4887-9B0F-8D9F12756611}.Test|Any CPU.Build.0 = Release|Any CPU
		{31C25240-382E-4D7C-BF59-01B76D8C89B0}.Debug|Any CPU.ActiveCfg = Debug|Any CPU
		{31C25240-382E-4D7C-BF59-01B76D8C89B0}.Debug|Any CPU.Build.0 = Debug|Any CPU
		{31C25240-382E-4D7C-BF59-01B76D8C89B0}.Release|Any CPU.ActiveCfg = Release|Any CPU
		{31C25240-382E-4D7C-BF59-01B76D8C89B0}.Release|Any CPU.Build.0 = Release|Any CPU
		{31C25240-382E-4D7C-BF59-01B76D8C89B0}.Test|Any CPU.ActiveCfg = Release|Any CPU
		{31C25240-382E-4D7C-BF59-01B76D8C89B0}.Test|Any CPU.Build.0 = Release|Any CPU
		{E5479AA6-2345-4743-B750-B11EFCBFFAC8}.Debug|Any CPU.ActiveCfg = Debug|Any CPU
		{E5479AA6-2345-4743-B750-B11EFCBFFAC8}.Debug|Any CPU.Build.0 = Debug|Any CPU
		{E5479AA6-2345-4743-B750-B11EFCBFFAC8}.Release|Any CPU.ActiveCfg = Release|Any CPU
		{E5479AA6-2345-4743-B750-B11EFCBFFAC8}.Release|Any CPU.Build.0 = Release|Any CPU
		{E5479AA6-2345-4743-B750-B11EFCBFFAC8}.Test|Any CPU.ActiveCfg = Release|Any CPU
		{E5479AA6-2345-4743-B750-B11EFCBFFAC8}.Test|Any CPU.Build.0 = Release|Any CPU
		{0B8AA021-532C-4FE9-B1F6-919CC5B4F6E9}.Debug|Any CPU.ActiveCfg = Debug|Any CPU
		{0B8AA021-532C-4FE9-B1F6-919CC5B4F6E9}.Debug|Any CPU.Build.0 = Debug|Any CPU
		{0B8AA021-532C-4FE9-B1F6-919CC5B4F6E9}.Release|Any CPU.ActiveCfg = Release|Any CPU
		{0B8AA021-532C-4FE9-B1F6-919CC5B4F6E9}.Release|Any CPU.Build.0 = Release|Any CPU
		{0B8AA021-532C-4FE9-B1F6-919CC5B4F6E9}.Test|Any CPU.ActiveCfg = Release|Any CPU
		{0B8AA021-532C-4FE9-B1F6-919CC5B4F6E9}.Test|Any CPU.Build.0 = Release|Any CPU
		{30F46BCB-C8FA-4BBD-A374-2F9B795A45D7}.Debug|Any CPU.ActiveCfg = Debug|Any CPU
		{30F46BCB-C8FA-4BBD-A374-2F9B795A45D7}.Debug|Any CPU.Build.0 = Debug|Any CPU
		{30F46BCB-C8FA-4BBD-A374-2F9B795A45D7}.Release|Any CPU.ActiveCfg = Release|Any CPU
		{30F46BCB-C8FA-4BBD-A374-2F9B795A45D7}.Release|Any CPU.Build.0 = Release|Any CPU
		{30F46BCB-C8FA-4BBD-A374-2F9B795A45D7}.Test|Any CPU.ActiveCfg = Release|Any CPU
		{30F46BCB-C8FA-4BBD-A374-2F9B795A45D7}.Test|Any CPU.Build.0 = Release|Any CPU
		{44CED3A9-8AF2-424A-8A7D-112EB096818E}.Debug|Any CPU.ActiveCfg = Debug|Any CPU
		{44CED3A9-8AF2-424A-8A7D-112EB096818E}.Debug|Any CPU.Build.0 = Debug|Any CPU
		{44CED3A9-8AF2-424A-8A7D-112EB096818E}.Release|Any CPU.ActiveCfg = Release|Any CPU
		{44CED3A9-8AF2-424A-8A7D-112EB096818E}.Release|Any CPU.Build.0 = Release|Any CPU
		{44CED3A9-8AF2-424A-8A7D-112EB096818E}.Test|Any CPU.ActiveCfg = Release|Any CPU
		{44CED3A9-8AF2-424A-8A7D-112EB096818E}.Test|Any CPU.Build.0 = Release|Any CPU
		{74369504-09BB-45EC-9513-3DB20B6D7C30}.Debug|Any CPU.ActiveCfg = Debug|Any CPU
		{74369504-09BB-45EC-9513-3DB20B6D7C30}.Debug|Any CPU.Build.0 = Debug|Any CPU
		{74369504-09BB-45EC-9513-3DB20B6D7C30}.Release|Any CPU.ActiveCfg = Release|Any CPU
		{74369504-09BB-45EC-9513-3DB20B6D7C30}.Release|Any CPU.Build.0 = Release|Any CPU
		{74369504-09BB-45EC-9513-3DB20B6D7C30}.Test|Any CPU.ActiveCfg = Release|Any CPU
		{74369504-09BB-45EC-9513-3DB20B6D7C30}.Test|Any CPU.Build.0 = Release|Any CPU
		{0573DD99-975E-4EA1-99BE-5DD6F759C075}.Debug|Any CPU.ActiveCfg = Debug|Any CPU
		{0573DD99-975E-4EA1-99BE-5DD6F759C075}.Debug|Any CPU.Build.0 = Debug|Any CPU
		{0573DD99-975E-4EA1-99BE-5DD6F759C075}.Release|Any CPU.ActiveCfg = Release|Any CPU
		{0573DD99-975E-4EA1-99BE-5DD6F759C075}.Release|Any CPU.Build.0 = Release|Any CPU
		{0573DD99-975E-4EA1-99BE-5DD6F759C075}.Test|Any CPU.ActiveCfg = Debug|Any CPU
		{0573DD99-975E-4EA1-99BE-5DD6F759C075}.Test|Any CPU.Build.0 = Debug|Any CPU
		{A1DC656F-CF25-43A1-93E6-7AB3AA57B194}.Debug|Any CPU.ActiveCfg = Debug|Any CPU
		{A1DC656F-CF25-43A1-93E6-7AB3AA57B194}.Debug|Any CPU.Build.0 = Debug|Any CPU
		{A1DC656F-CF25-43A1-93E6-7AB3AA57B194}.Release|Any CPU.ActiveCfg = Release|Any CPU
		{A1DC656F-CF25-43A1-93E6-7AB3AA57B194}.Release|Any CPU.Build.0 = Release|Any CPU
		{A1DC656F-CF25-43A1-93E6-7AB3AA57B194}.Test|Any CPU.ActiveCfg = Test|Any CPU
		{A1DC656F-CF25-43A1-93E6-7AB3AA57B194}.Test|Any CPU.Build.0 = Test|Any CPU
		{E23C4A5D-127A-48B1-A17E-4972054A078F}.Debug|Any CPU.ActiveCfg = Debug|Any CPU
		{E23C4A5D-127A-48B1-A17E-4972054A078F}.Debug|Any CPU.Build.0 = Debug|Any CPU
		{E23C4A5D-127A-48B1-A17E-4972054A078F}.Release|Any CPU.ActiveCfg = Release|Any CPU
		{E23C4A5D-127A-48B1-A17E-4972054A078F}.Release|Any CPU.Build.0 = Release|Any CPU
		{E23C4A5D-127A-48B1-A17E-4972054A078F}.Test|Any CPU.ActiveCfg = Test|Any CPU
		{E23C4A5D-127A-48B1-A17E-4972054A078F}.Test|Any CPU.Build.0 = Test|Any CPU
		{52CDFDA7-2D70-4BC2-A1D0-94389F4DA3F1}.Debug|Any CPU.ActiveCfg = Debug|Any CPU
		{52CDFDA7-2D70-4BC2-A1D0-94389F4DA3F1}.Debug|Any CPU.Build.0 = Debug|Any CPU
		{52CDFDA7-2D70-4BC2-A1D0-94389F4DA3F1}.Release|Any CPU.ActiveCfg = Release|Any CPU
		{52CDFDA7-2D70-4BC2-A1D0-94389F4DA3F1}.Release|Any CPU.Build.0 = Release|Any CPU
		{52CDFDA7-2D70-4BC2-A1D0-94389F4DA3F1}.Test|Any CPU.ActiveCfg = Debug|Any CPU
		{52CDFDA7-2D70-4BC2-A1D0-94389F4DA3F1}.Test|Any CPU.Build.0 = Debug|Any CPU
	EndGlobalSection
	GlobalSection(SolutionProperties) = preSolution
		HideSolutionNode = FALSE
	EndGlobalSection
	GlobalSection(NestedProjects) = preSolution
		{7F444A72-F280-4722-9816-926EC84875E4} = {7192C60D-8AE6-45BF-9203-FAEB23996D34}
		{2CF8C06E-9A62-4887-9B0F-8D9F12756611} = {7192C60D-8AE6-45BF-9203-FAEB23996D34}
		{31C25240-382E-4D7C-BF59-01B76D8C89B0} = {AE045A3E-5EC9-4489-A462-BB8724E01A8A}
		{E5479AA6-2345-4743-B750-B11EFCBFFAC8} = {AE045A3E-5EC9-4489-A462-BB8724E01A8A}
		{0B8AA021-532C-4FE9-B1F6-919CC5B4F6E9} = {7192C60D-8AE6-45BF-9203-FAEB23996D34}
		{30F46BCB-C8FA-4BBD-A374-2F9B795A45D7} = {AE045A3E-5EC9-4489-A462-BB8724E01A8A}
		{44CED3A9-8AF2-424A-8A7D-112EB096818E} = {7192C60D-8AE6-45BF-9203-FAEB23996D34}
		{74369504-09BB-45EC-9513-3DB20B6D7C30} = {AE045A3E-5EC9-4489-A462-BB8724E01A8A}
		{0573DD99-975E-4EA1-99BE-5DD6F759C075} = {7192C60D-8AE6-45BF-9203-FAEB23996D34}
		{A1DC656F-CF25-43A1-93E6-7AB3AA57B194} = {7192C60D-8AE6-45BF-9203-FAEB23996D34}
		{E23C4A5D-127A-48B1-A17E-4972054A078F} = {7192C60D-8AE6-45BF-9203-FAEB23996D34}
		{52CDFDA7-2D70-4BC2-A1D0-94389F4DA3F1} = {AE045A3E-5EC9-4489-A462-BB8724E01A8A}
	EndGlobalSection
	GlobalSection(ExtensibilityGlobals) = postSolution
		SolutionGuid = {AFDAF445-C383-45F4-8186-5BC8991D9CF2}
	EndGlobalSection
EndGlobal
