
Microsoft Visual Studio Solution File, Format Version 12.00
# Visual Studio 2013
VisualStudioVersion = 12.0.21005.1
MinimumVisualStudioVersion = 10.0.40219.1
Project("{2150E333-8FDC-42A3-9474-1A3956D46DE8}") = "v1.0", "v1.0", "{FA77CB27-B899-485E-99E0-F62A6C5F015C}"
EndProject
Project("{2150E333-8FDC-42A3-9474-1A3956D46DE8}") = "v2.0", "v2.0", "{578BC295-4A09-4DBC-8A15-F79B0D0F2292}"
EndProject
Project("{2150E333-8FDC-42A3-9474-1A3956D46DE8}") = "v1.1", "v1.1", "{1989B46D-BF3B-4BF8-9EC8-88310A23E877}"
EndProject
Project("{2150E333-8FDC-42A3-9474-1A3956D46DE8}") = "v3.5", "v3.5", "{1F91CF6D-66F9-413D-8D41-8AF375E15B44}"
EndProject
Project("{2150E333-8FDC-42A3-9474-1A3956D46DE8}") = "v3.5 SP1", "v3.5 SP1", "{AB2FC274-C24D-43B9-AE72-7AFDCDBB78EC}"
EndProject
Project("{2150E333-8FDC-42A3-9474-1A3956D46DE8}") = "v3.0", "v3.0", "{13998D38-F29C-4188-B711-63EA53D8CDE6}"
EndProject
Project("{2150E333-8FDC-42A3-9474-1A3956D46DE8}") = "v4.0", "v4.0", "{915DBFD8-9816-45BB-8DA8-F39CC0B64A40}"
EndProject
Project("{2150E333-8FDC-42A3-9474-1A3956D46DE8}") = "v4.5", "v4.5", "{0020A34E-93F1-467F-8921-D85E114B8786}"
EndProject
Project("{2150E333-8FDC-42A3-9474-1A3956D46DE8}") = "v4.5.1", "v4.5.1", "{1583C3CF-5698-48DD-AA91-7F365E76E5B6}"
EndProject
Project("{2150E333-8FDC-42A3-9474-1A3956D46DE8}") = "v4.5.2", "v4.5.2", "{0DD866F9-22C7-4614-9EC2-2D82D32A07AA}"
EndProject
Project("{FAE04EC0-301F-11D3-BF4B-00C04F79EFBC}") = "v1.0", "1. Tests\Framework.Tests\v1.0\v1.0.csproj", "{DAD12E40-22C4-4ED3-80E3-CB95FE140A67}"
EndProject
Project("{FAE04EC0-301F-11D3-BF4B-00C04F79EFBC}") = "v2.0", "1. Tests\Framework.Tests\v2.0\v2.0.csproj", "{5ED6AA78-2D59-4402-8225-49224A2F92E9}"
EndProject
Project("{FAE04EC0-301F-11D3-BF4B-00C04F79EFBC}") = "v3.0", "1. Tests\Framework.Tests\v3.0\v3.0.csproj", "{83865024-ED44-4B08-A6CA-06D605E8174A}"
EndProject
Project("{FAE04EC0-301F-11D3-BF4B-00C04F79EFBC}") = "v3.5", "1. Tests\Framework.Tests\v3.5\v3.5.csproj", "{DFF78C9E-2E59-43DF-9C24-D98E25D2D13E}"
EndProject
Project("{FAE04EC0-301F-11D3-BF4B-00C04F79EFBC}") = "v4.0", "1. Tests\Framework.Tests\v4.0\v4.0.csproj", "{3FDDA7C5-7D4C-4D5A-8D95-3A94F301CF7E}"
EndProject
Project("{FAE04EC0-301F-11D3-BF4B-00C04F79EFBC}") = "v4.5", "1. Tests\Framework.Tests\v4.5\v4.5.csproj", "{4A118C64-01A1-4716-8D95-41F07B2383F3}"
EndProject
Project("{FAE04EC0-301F-11D3-BF4B-00C04F79EFBC}") = "v4.5.1", "1. Tests\Framework.Tests\v4.5.1\v4.5.1.csproj", "{4F3E3D7E-FDE9-49B9-A0C4-2B4347CA2A22}"
EndProject
Global
	GlobalSection(SolutionConfigurationPlatforms) = preSolution
		Debug|Any CPU = Debug|Any CPU
		Release|Any CPU = Release|Any CPU
	EndGlobalSection
	GlobalSection(ProjectConfigurationPlatforms) = postSolution
		{DAD12E40-22C4-4ED3-80E3-CB95FE140A67}.Debug|Any CPU.ActiveCfg = Debug|Any CPU
		{DAD12E40-22C4-4ED3-80E3-CB95FE140A67}.Debug|Any CPU.Build.0 = Debug|Any CPU
		{DAD12E40-22C4-4ED3-80E3-CB95FE140A67}.Release|Any CPU.ActiveCfg = Release|Any CPU
		{DAD12E40-22C4-4ED3-80E3-CB95FE140A67}.Release|Any CPU.Build.0 = Release|Any CPU
		{5ED6AA78-2D59-4402-8225-49224A2F92E9}.Debug|Any CPU.ActiveCfg = Debug|Any CPU
		{5ED6AA78-2D59-4402-8225-49224A2F92E9}.Debug|Any CPU.Build.0 = Debug|Any CPU
		{5ED6AA78-2D59-4402-8225-49224A2F92E9}.Release|Any CPU.ActiveCfg = Release|Any CPU
		{5ED6AA78-2D59-4402-8225-49224A2F92E9}.Release|Any CPU.Build.0 = Release|Any CPU
		{83865024-ED44-4B08-A6CA-06D605E8174A}.Debug|Any CPU.ActiveCfg = Debug|Any CPU
		{83865024-ED44-4B08-A6CA-06D605E8174A}.Debug|Any CPU.Build.0 = Debug|Any CPU
		{83865024-ED44-4B08-A6CA-06D605E8174A}.Release|Any CPU.ActiveCfg = Release|Any CPU
		{83865024-ED44-4B08-A6CA-06D605E8174A}.Release|Any CPU.Build.0 = Release|Any CPU
		{DFF78C9E-2E59-43DF-9C24-D98E25D2D13E}.Debug|Any CPU.ActiveCfg = Debug|Any CPU
		{DFF78C9E-2E59-43DF-9C24-D98E25D2D13E}.Debug|Any CPU.Build.0 = Debug|Any CPU
		{DFF78C9E-2E59-43DF-9C24-D98E25D2D13E}.Release|Any CPU.ActiveCfg = Release|Any CPU
		{DFF78C9E-2E59-43DF-9C24-D98E25D2D13E}.Release|Any CPU.Build.0 = Release|Any CPU
		{3FDDA7C5-7D4C-4D5A-8D95-3A94F301CF7E}.Debug|Any CPU.ActiveCfg = Debug|Any CPU
		{3FDDA7C5-7D4C-4D5A-8D95-3A94F301CF7E}.Debug|Any CPU.Build.0 = Debug|Any CPU
		{3FDDA7C5-7D4C-4D5A-8D95-3A94F301CF7E}.Release|Any CPU.ActiveCfg = Release|Any CPU
		{3FDDA7C5-7D4C-4D5A-8D95-3A94F301CF7E}.Release|Any CPU.Build.0 = Release|Any CPU
		{4A118C64-01A1-4716-8D95-41F07B2383F3}.Debug|Any CPU.ActiveCfg = Debug|Any CPU
		{4A118C64-01A1-4716-8D95-41F07B2383F3}.Debug|Any CPU.Build.0 = Debug|Any CPU
		{4A118C64-01A1-4716-8D95-41F07B2383F3}.Release|Any CPU.ActiveCfg = Release|Any CPU
		{4A118C64-01A1-4716-8D95-41F07B2383F3}.Release|Any CPU.Build.0 = Release|Any CPU
		{4F3E3D7E-FDE9-49B9-A0C4-2B4347CA2A22}.Debug|Any CPU.ActiveCfg = Debug|Any CPU
		{4F3E3D7E-FDE9-49B9-A0C4-2B4347CA2A22}.Debug|Any CPU.Build.0 = Debug|Any CPU
		{4F3E3D7E-FDE9-49B9-A0C4-2B4347CA2A22}.Release|Any CPU.ActiveCfg = Release|Any CPU
		{4F3E3D7E-FDE9-49B9-A0C4-2B4347CA2A22}.Release|Any CPU.Build.0 = Release|Any CPU
	EndGlobalSection
	GlobalSection(SolutionProperties) = preSolution
		HideSolutionNode = FALSE
	EndGlobalSection
	GlobalSection(NestedProjects) = preSolution
		{DAD12E40-22C4-4ED3-80E3-CB95FE140A67} = {FA77CB27-B899-485E-99E0-F62A6C5F015C}
		{5ED6AA78-2D59-4402-8225-49224A2F92E9} = {578BC295-4A09-4DBC-8A15-F79B0D0F2292}
		{DFF78C9E-2E59-43DF-9C24-D98E25D2D13E} = {1F91CF6D-66F9-413D-8D41-8AF375E15B44}
		{83865024-ED44-4B08-A6CA-06D605E8174A} = {13998D38-F29C-4188-B711-63EA53D8CDE6}
		{3FDDA7C5-7D4C-4D5A-8D95-3A94F301CF7E} = {915DBFD8-9816-45BB-8DA8-F39CC0B64A40}
		{4A118C64-01A1-4716-8D95-41F07B2383F3} = {0020A34E-93F1-467F-8921-D85E114B8786}
		{4F3E3D7E-FDE9-49B9-A0C4-2B4347CA2A22} = {1583C3CF-5698-48DD-AA91-7F365E76E5B6}
	EndGlobalSection
EndGlobal
