
Microsoft Visual Studio Solution File, Format Version 11.00
# Visual Studio 2010
Project("{FAE04EC0-301F-11D3-BF4B-00C04F79EFBC}") = "LD Documentation", "LD Documentation\LD Documentation.csproj", "{704C3A50-80F9-4C4E-9A40-62734DAC9906}"
EndProject
Project("{2150E333-8FDC-42A3-9474-1A3956D46DE8}") = "1. Libraries", "1. Libraries", "{6F093CAA-AAAB-414E-9D21-0964DAADB27A}"
	ProjectSection(SolutionItems) = preProject
		lib\TheBoxSoftware.API.LiveDocumenter.dll = lib\TheBoxSoftware.API.LiveDocumenter.dll
	EndProjectSection
EndProject
Global
	GlobalSection(SolutionConfigurationPlatforms) = preSolution
		Debug|Any CPU = Debug|Any CPU
		Release|Any CPU = Release|Any CPU
	EndGlobalSection
	GlobalSection(ProjectConfigurationPlatforms) = postSolution
		{704C3A50-80F9-4C4E-9A40-62734DAC9906}.Debug|Any CPU.ActiveCfg = Debug|Any CPU
		{704C3A50-80F9-4C4E-9A40-62734DAC9906}.Debug|Any CPU.Build.0 = Debug|Any CPU
		{704C3A50-80F9-4C4E-9A40-62734DAC9906}.Release|Any CPU.ActiveCfg = Release|Any CPU
		{704C3A50-80F9-4C4E-9A40-62734DAC9906}.Release|Any CPU.Build.0 = Release|Any CPU
	EndGlobalSection
	GlobalSection(SolutionProperties) = preSolution
		HideSolutionNode = FALSE
	EndGlobalSection
EndGlobal
