
Microsoft Visual Studio Solution File, Format Version 12.00
# Visual Studio 2013
VisualStudioVersion = 12.0.21005.1
MinimumVisualStudioVersion = 10.0.40219.1
Project("{2150E333-8FDC-42A3-9474-1A3956D46DE8}") = "0. Source", "0. Source", "{BFE8B5B9-AECB-4CC2-A0E6-699DC55F689C}"
EndProject
Project("{2150E333-8FDC-42A3-9474-1A3956D46DE8}") = "2. Excerise", "2. Excerise", "{B216FC93-E33D-4EF9-9EFD-DD2A26173FE4}"
EndProject
Project("{2150E333-8FDC-42A3-9474-1A3956D46DE8}") = "1. Unit", "1. Unit", "{F0FBE6A2-CA98-4C41-899C-A6E91BE1E940}"
EndProject
Project("{FAE04EC0-301F-11D3-BF4B-00C04F79EFBC}") = "signitures", "2. Excersise\signitures\signitures.csproj", "{94930510-4C67-433D-B73A-29655584D09D}"
EndProject
Project("{FAE04EC0-301F-11D3-BF4B-00C04F79EFBC}") = "Base", "1. Unit\Base.Reflection\Base.csproj", "{5F97856C-CF5B-4446-AE5E-DCE873653CC1}"
EndProject
Project("{2150E333-8FDC-42A3-9474-1A3956D46DE8}") = "3. Bugs", "3. Bugs", "{F750FDD7-8D9E-4AFD-BEAB-24DC630052E4}"
EndProject
Project("{FAE04EC0-301F-11D3-BF4B-00C04F79EFBC}") = "Bug14", "3. Bugs\Bug14\Bug14.csproj", "{ACE1ED1B-FFE4-43D4-ABB3-106F8D1BAACB}"
EndProject
Project("{FAE04EC0-301F-11D3-BF4B-00C04F79EFBC}") = "Bug18", "3. Bugs\Bug18\Bug18.csproj", "{ACC38EB8-F9E4-4007-97DE-58D8052A16A0}"
EndProject
Project("{FAE04EC0-301F-11D3-BF4B-00C04F79EFBC}") = "TheBoxSoftware", "..\TheBoxSoftware\TheBoxSoftware.csproj", "{20B33F17-25DF-4DB1-AC52-A8128AF0CDD1}"
EndProject
Project("{FAE04EC0-301F-11D3-BF4B-00C04F79EFBC}") = "TheBoxSoftware.Reflection", "..\TheBoxSoftware.Reflection\TheBoxSoftware.Reflection.csproj", "{B8749831-5746-4443-BEE9-9B01792C0D98}"
EndProject
Project("{FAE04EC0-301F-11D3-BF4B-00C04F79EFBC}") = "TheBoxSoftware.Documentation", "..\TheBoxSoftware.Documentation\TheBoxSoftware.Documentation.csproj", "{0B3F2A4C-8DDF-4DAB-B676-44C927921EFF}"
EndProject
Project("{FAE04EC0-301F-11D3-BF4B-00C04F79EFBC}") = "TheBoxSoftware.Diagramming.WPF", "..\TheBoxSoftware.Diagramming.WPF\TheBoxSoftware.Diagramming.WPF.csproj", "{40F6DB3D-513C-490F-881A-298962634947}"
EndProject
Project("{FAE04EC0-301F-11D3-BF4B-00C04F79EFBC}") = "TheBoxSoftware.Diagramming", "..\TheBoxSoftware.Diagramming\TheBoxSoftware.Diagramming.csproj", "{E0931A15-6EBB-46EA-969D-37FD924D9233}"
EndProject
Project("{FAE04EC0-301F-11D3-BF4B-00C04F79EFBC}") = "TheBoxSoftware.DeveloperSuite.PEViewer", "..\TheBoxSoftware.DeveloperSuite.PeViewer\TheBoxSoftware.DeveloperSuite.PEViewer.csproj", "{E23C4A5D-127A-48B1-A17E-4972054A078F}"
EndProject
Project("{FAE04EC0-301F-11D3-BF4B-00C04F79EFBC}") = "TheBoxSoftware.DeveloperSuite.LiveDocumenter", "..\TheBoxSoftware.DeveloperSuite.LiveDocumenter\TheBoxSoftware.DeveloperSuite.LiveDocumenter.csproj", "{A1DC656F-CF25-43A1-93E6-7AB3AA57B194}"
EndProject
Project("{FAE04EC0-301F-11D3-BF4B-00C04F79EFBC}") = "TheBoxSoftware.API.LiveDocumentor", "..\TheBoxSoftware.API.LiveDocumenter\TheBoxSoftware.API.LiveDocumentor.csproj", "{DB46E5F7-D6F2-40B7-A8B5-F4E57F5D1621}"
EndProject
Project("{2150E333-8FDC-42A3-9474-1A3956D46DE8}") = "4. Documentation", "4. Documentation", "{1AA476F4-1A8F-4F74-A3EF-EC8ACDD1CBD3}"
EndProject
Project("{2150E333-8FDC-42A3-9474-1A3956D46DE8}") = "99. Old", "99. Old", "{49208E2E-80FF-4158-935F-B3DCFEE7B9C1}"
EndProject
Project("{FAE04EC0-301F-11D3-BF4B-00C04F79EFBC}") = "DocumentationTest", "99. Old\DocumentationTest\DocumentationTest.csproj", "{2AD369A3-7737-4EC5-A4BA-3E846F80C066}"
EndProject
Project("{F184B08F-C81C-45F6-A57F-5ABD9991F28F}") = "LiveDocumentor.Test.VBDocumentation", "99. Old\LiveDocumentor.Test.VBDocumentation\LiveDocumentor.Test.VBDocumentation.vbproj", "{A51EE3F8-1D1A-4231-846A-923A2046D6CA}"
EndProject
Project("{FAE04EC0-301F-11D3-BF4B-00C04F79EFBC}") = "Test.Console.LiveDocumenter", "99. Old\Test.Console.LiveDocumenter\Test.Console.LiveDocumenter.csproj", "{3DF1C48A-8DD2-4014-86BC-B5C1465DD58B}"
EndProject
Project("{FAE04EC0-301F-11D3-BF4B-00C04F79EFBC}") = "Test.Licensing", "99. Old\Test.Licensing\Test.Licensing.csproj", "{F901B259-2419-4DDF-AB6B-FCDE42C2F2CC}"
EndProject
Global
	GlobalSection(SolutionConfigurationPlatforms) = preSolution
		Debug|Any CPU = Debug|Any CPU
		Debug|Mixed Platforms = Debug|Mixed Platforms
		Debug|x86 = Debug|x86
		Release|Any CPU = Release|Any CPU
		Release|Mixed Platforms = Release|Mixed Platforms
		Release|x86 = Release|x86
		Test|Any CPU = Test|Any CPU
		Test|Mixed Platforms = Test|Mixed Platforms
		Test|x86 = Test|x86
	EndGlobalSection
	GlobalSection(ProjectConfigurationPlatforms) = postSolution
		{94930510-4C67-433D-B73A-29655584D09D}.Debug|Any CPU.ActiveCfg = Debug|Any CPU
		{94930510-4C67-433D-B73A-29655584D09D}.Debug|Any CPU.Build.0 = Debug|Any CPU
		{94930510-4C67-433D-B73A-29655584D09D}.Debug|Mixed Platforms.ActiveCfg = Debug|Any CPU
		{94930510-4C67-433D-B73A-29655584D09D}.Debug|Mixed Platforms.Build.0 = Debug|Any CPU
		{94930510-4C67-433D-B73A-29655584D09D}.Debug|x86.ActiveCfg = Debug|Any CPU
		{94930510-4C67-433D-B73A-29655584D09D}.Release|Any CPU.ActiveCfg = Release|Any CPU
		{94930510-4C67-433D-B73A-29655584D09D}.Release|Any CPU.Build.0 = Release|Any CPU
		{94930510-4C67-433D-B73A-29655584D09D}.Release|Mixed Platforms.ActiveCfg = Release|Any CPU
		{94930510-4C67-433D-B73A-29655584D09D}.Release|Mixed Platforms.Build.0 = Release|Any CPU
		{94930510-4C67-433D-B73A-29655584D09D}.Release|x86.ActiveCfg = Release|Any CPU
		{94930510-4C67-433D-B73A-29655584D09D}.Test|Any CPU.ActiveCfg = Test|Any CPU
		{94930510-4C67-433D-B73A-29655584D09D}.Test|Any CPU.Build.0 = Test|Any CPU
		{94930510-4C67-433D-B73A-29655584D09D}.Test|Mixed Platforms.ActiveCfg = Test|Any CPU
		{94930510-4C67-433D-B73A-29655584D09D}.Test|Mixed Platforms.Build.0 = Test|Any CPU
		{94930510-4C67-433D-B73A-29655584D09D}.Test|x86.ActiveCfg = Test|Any CPU
		{5F97856C-CF5B-4446-AE5E-DCE873653CC1}.Debug|Any CPU.ActiveCfg = Debug|Any CPU
		{5F97856C-CF5B-4446-AE5E-DCE873653CC1}.Debug|Any CPU.Build.0 = Debug|Any CPU
		{5F97856C-CF5B-4446-AE5E-DCE873653CC1}.Debug|Mixed Platforms.ActiveCfg = Debug|Any CPU
		{5F97856C-CF5B-4446-AE5E-DCE873653CC1}.Debug|Mixed Platforms.Build.0 = Debug|Any CPU
		{5F97856C-CF5B-4446-AE5E-DCE873653CC1}.Debug|x86.ActiveCfg = Debug|Any CPU
		{5F97856C-CF5B-4446-AE5E-DCE873653CC1}.Release|Any CPU.ActiveCfg = Release|Any CPU
		{5F97856C-CF5B-4446-AE5E-DCE873653CC1}.Release|Any CPU.Build.0 = Release|Any CPU
		{5F97856C-CF5B-4446-AE5E-DCE873653CC1}.Release|Mixed Platforms.ActiveCfg = Release|Any CPU
		{5F97856C-CF5B-4446-AE5E-DCE873653CC1}.Release|Mixed Platforms.Build.0 = Release|Any CPU
		{5F97856C-CF5B-4446-AE5E-DCE873653CC1}.Release|x86.ActiveCfg = Release|Any CPU
		{5F97856C-CF5B-4446-AE5E-DCE873653CC1}.Test|Any CPU.ActiveCfg = Test|Any CPU
		{5F97856C-CF5B-4446-AE5E-DCE873653CC1}.Test|Any CPU.Build.0 = Test|Any CPU
		{5F97856C-CF5B-4446-AE5E-DCE873653CC1}.Test|Mixed Platforms.ActiveCfg = Test|Any CPU
		{5F97856C-CF5B-4446-AE5E-DCE873653CC1}.Test|Mixed Platforms.Build.0 = Test|Any CPU
		{5F97856C-CF5B-4446-AE5E-DCE873653CC1}.Test|x86.ActiveCfg = Test|Any CPU
		{ACE1ED1B-FFE4-43D4-ABB3-106F8D1BAACB}.Debug|Any CPU.ActiveCfg = Debug|Any CPU
		{ACE1ED1B-FFE4-43D4-ABB3-106F8D1BAACB}.Debug|Any CPU.Build.0 = Debug|Any CPU
		{ACE1ED1B-FFE4-43D4-ABB3-106F8D1BAACB}.Debug|Mixed Platforms.ActiveCfg = Debug|Any CPU
		{ACE1ED1B-FFE4-43D4-ABB3-106F8D1BAACB}.Debug|Mixed Platforms.Build.0 = Debug|Any CPU
		{ACE1ED1B-FFE4-43D4-ABB3-106F8D1BAACB}.Debug|x86.ActiveCfg = Debug|Any CPU
		{ACE1ED1B-FFE4-43D4-ABB3-106F8D1BAACB}.Release|Any CPU.ActiveCfg = Release|Any CPU
		{ACE1ED1B-FFE4-43D4-ABB3-106F8D1BAACB}.Release|Any CPU.Build.0 = Release|Any CPU
		{ACE1ED1B-FFE4-43D4-ABB3-106F8D1BAACB}.Release|Mixed Platforms.ActiveCfg = Release|Any CPU
		{ACE1ED1B-FFE4-43D4-ABB3-106F8D1BAACB}.Release|Mixed Platforms.Build.0 = Release|Any CPU
		{ACE1ED1B-FFE4-43D4-ABB3-106F8D1BAACB}.Release|x86.ActiveCfg = Release|Any CPU
		{ACE1ED1B-FFE4-43D4-ABB3-106F8D1BAACB}.Test|Any CPU.ActiveCfg = Test|Any CPU
		{ACE1ED1B-FFE4-43D4-ABB3-106F8D1BAACB}.Test|Any CPU.Build.0 = Test|Any CPU
		{ACE1ED1B-FFE4-43D4-ABB3-106F8D1BAACB}.Test|Mixed Platforms.ActiveCfg = Test|Any CPU
		{ACE1ED1B-FFE4-43D4-ABB3-106F8D1BAACB}.Test|Mixed Platforms.Build.0 = Test|Any CPU
		{ACE1ED1B-FFE4-43D4-ABB3-106F8D1BAACB}.Test|x86.ActiveCfg = Test|Any CPU
		{ACC38EB8-F9E4-4007-97DE-58D8052A16A0}.Debug|Any CPU.ActiveCfg = Debug|Any CPU
		{ACC38EB8-F9E4-4007-97DE-58D8052A16A0}.Debug|Any CPU.Build.0 = Debug|Any CPU
		{ACC38EB8-F9E4-4007-97DE-58D8052A16A0}.Debug|Mixed Platforms.ActiveCfg = Debug|Any CPU
		{ACC38EB8-F9E4-4007-97DE-58D8052A16A0}.Debug|Mixed Platforms.Build.0 = Debug|Any CPU
		{ACC38EB8-F9E4-4007-97DE-58D8052A16A0}.Debug|x86.ActiveCfg = Debug|Any CPU
		{ACC38EB8-F9E4-4007-97DE-58D8052A16A0}.Release|Any CPU.ActiveCfg = Release|Any CPU
		{ACC38EB8-F9E4-4007-97DE-58D8052A16A0}.Release|Any CPU.Build.0 = Release|Any CPU
		{ACC38EB8-F9E4-4007-97DE-58D8052A16A0}.Release|Mixed Platforms.ActiveCfg = Release|Any CPU
		{ACC38EB8-F9E4-4007-97DE-58D8052A16A0}.Release|Mixed Platforms.Build.0 = Release|Any CPU
		{ACC38EB8-F9E4-4007-97DE-58D8052A16A0}.Release|x86.ActiveCfg = Release|Any CPU
		{ACC38EB8-F9E4-4007-97DE-58D8052A16A0}.Test|Any CPU.ActiveCfg = Test|Any CPU
		{ACC38EB8-F9E4-4007-97DE-58D8052A16A0}.Test|Any CPU.Build.0 = Test|Any CPU
		{ACC38EB8-F9E4-4007-97DE-58D8052A16A0}.Test|Mixed Platforms.ActiveCfg = Test|Any CPU
		{ACC38EB8-F9E4-4007-97DE-58D8052A16A0}.Test|Mixed Platforms.Build.0 = Test|Any CPU
		{ACC38EB8-F9E4-4007-97DE-58D8052A16A0}.Test|x86.ActiveCfg = Test|Any CPU
		{20B33F17-25DF-4DB1-AC52-A8128AF0CDD1}.Debug|Any CPU.ActiveCfg = Debug|Any CPU
		{20B33F17-25DF-4DB1-AC52-A8128AF0CDD1}.Debug|Any CPU.Build.0 = Debug|Any CPU
		{20B33F17-25DF-4DB1-AC52-A8128AF0CDD1}.Debug|Mixed Platforms.ActiveCfg = Debug|Any CPU
		{20B33F17-25DF-4DB1-AC52-A8128AF0CDD1}.Debug|Mixed Platforms.Build.0 = Debug|Any CPU
		{20B33F17-25DF-4DB1-AC52-A8128AF0CDD1}.Debug|x86.ActiveCfg = Debug|Any CPU
		{20B33F17-25DF-4DB1-AC52-A8128AF0CDD1}.Release|Any CPU.ActiveCfg = Release|Any CPU
		{20B33F17-25DF-4DB1-AC52-A8128AF0CDD1}.Release|Any CPU.Build.0 = Release|Any CPU
		{20B33F17-25DF-4DB1-AC52-A8128AF0CDD1}.Release|Mixed Platforms.ActiveCfg = Release|Any CPU
		{20B33F17-25DF-4DB1-AC52-A8128AF0CDD1}.Release|Mixed Platforms.Build.0 = Release|Any CPU
		{20B33F17-25DF-4DB1-AC52-A8128AF0CDD1}.Release|x86.ActiveCfg = Release|Any CPU
		{20B33F17-25DF-4DB1-AC52-A8128AF0CDD1}.Test|Any CPU.ActiveCfg = Test|Any CPU
		{20B33F17-25DF-4DB1-AC52-A8128AF0CDD1}.Test|Any CPU.Build.0 = Test|Any CPU
		{20B33F17-25DF-4DB1-AC52-A8128AF0CDD1}.Test|Mixed Platforms.ActiveCfg = Test|Any CPU
		{20B33F17-25DF-4DB1-AC52-A8128AF0CDD1}.Test|Mixed Platforms.Build.0 = Test|Any CPU
		{20B33F17-25DF-4DB1-AC52-A8128AF0CDD1}.Test|x86.ActiveCfg = Test|Any CPU
		{B8749831-5746-4443-BEE9-9B01792C0D98}.Debug|Any CPU.ActiveCfg = Debug|Any CPU
		{B8749831-5746-4443-BEE9-9B01792C0D98}.Debug|Any CPU.Build.0 = Debug|Any CPU
		{B8749831-5746-4443-BEE9-9B01792C0D98}.Debug|Mixed Platforms.ActiveCfg = Debug|Any CPU
		{B8749831-5746-4443-BEE9-9B01792C0D98}.Debug|Mixed Platforms.Build.0 = Debug|Any CPU
		{B8749831-5746-4443-BEE9-9B01792C0D98}.Debug|x86.ActiveCfg = Debug|Any CPU
		{B8749831-5746-4443-BEE9-9B01792C0D98}.Release|Any CPU.ActiveCfg = Release|Any CPU
		{B8749831-5746-4443-BEE9-9B01792C0D98}.Release|Any CPU.Build.0 = Release|Any CPU
		{B8749831-5746-4443-BEE9-9B01792C0D98}.Release|Mixed Platforms.ActiveCfg = Release|Any CPU
		{B8749831-5746-4443-BEE9-9B01792C0D98}.Release|Mixed Platforms.Build.0 = Release|Any CPU
		{B8749831-5746-4443-BEE9-9B01792C0D98}.Release|x86.ActiveCfg = Release|Any CPU
		{B8749831-5746-4443-BEE9-9B01792C0D98}.Test|Any CPU.ActiveCfg = Test|Any CPU
		{B8749831-5746-4443-BEE9-9B01792C0D98}.Test|Any CPU.Build.0 = Test|Any CPU
		{B8749831-5746-4443-BEE9-9B01792C0D98}.Test|Mixed Platforms.ActiveCfg = Test|Any CPU
		{B8749831-5746-4443-BEE9-9B01792C0D98}.Test|Mixed Platforms.Build.0 = Test|Any CPU
		{B8749831-5746-4443-BEE9-9B01792C0D98}.Test|x86.ActiveCfg = Test|Any CPU
		{0B3F2A4C-8DDF-4DAB-B676-44C927921EFF}.Debug|Any CPU.ActiveCfg = Debug|Any CPU
		{0B3F2A4C-8DDF-4DAB-B676-44C927921EFF}.Debug|Any CPU.Build.0 = Debug|Any CPU
		{0B3F2A4C-8DDF-4DAB-B676-44C927921EFF}.Debug|Mixed Platforms.ActiveCfg = Debug|Any CPU
		{0B3F2A4C-8DDF-4DAB-B676-44C927921EFF}.Debug|Mixed Platforms.Build.0 = Debug|Any CPU
		{0B3F2A4C-8DDF-4DAB-B676-44C927921EFF}.Debug|x86.ActiveCfg = Debug|Any CPU
		{0B3F2A4C-8DDF-4DAB-B676-44C927921EFF}.Release|Any CPU.ActiveCfg = Release|Any CPU
		{0B3F2A4C-8DDF-4DAB-B676-44C927921EFF}.Release|Any CPU.Build.0 = Release|Any CPU
		{0B3F2A4C-8DDF-4DAB-B676-44C927921EFF}.Release|Mixed Platforms.ActiveCfg = Release|Any CPU
		{0B3F2A4C-8DDF-4DAB-B676-44C927921EFF}.Release|Mixed Platforms.Build.0 = Release|Any CPU
		{0B3F2A4C-8DDF-4DAB-B676-44C927921EFF}.Release|x86.ActiveCfg = Release|Any CPU
		{0B3F2A4C-8DDF-4DAB-B676-44C927921EFF}.Test|Any CPU.ActiveCfg = Test|Any CPU
		{0B3F2A4C-8DDF-4DAB-B676-44C927921EFF}.Test|Any CPU.Build.0 = Test|Any CPU
		{0B3F2A4C-8DDF-4DAB-B676-44C927921EFF}.Test|Mixed Platforms.ActiveCfg = Test|Any CPU
		{0B3F2A4C-8DDF-4DAB-B676-44C927921EFF}.Test|Mixed Platforms.Build.0 = Test|Any CPU
		{0B3F2A4C-8DDF-4DAB-B676-44C927921EFF}.Test|x86.ActiveCfg = Test|Any CPU
		{40F6DB3D-513C-490F-881A-298962634947}.Debug|Any CPU.ActiveCfg = Debug|Any CPU
		{40F6DB3D-513C-490F-881A-298962634947}.Debug|Any CPU.Build.0 = Debug|Any CPU
		{40F6DB3D-513C-490F-881A-298962634947}.Debug|Mixed Platforms.ActiveCfg = Debug|Any CPU
		{40F6DB3D-513C-490F-881A-298962634947}.Debug|Mixed Platforms.Build.0 = Debug|Any CPU
		{40F6DB3D-513C-490F-881A-298962634947}.Debug|x86.ActiveCfg = Debug|Any CPU
		{40F6DB3D-513C-490F-881A-298962634947}.Release|Any CPU.ActiveCfg = Release|Any CPU
		{40F6DB3D-513C-490F-881A-298962634947}.Release|Any CPU.Build.0 = Release|Any CPU
		{40F6DB3D-513C-490F-881A-298962634947}.Release|Mixed Platforms.ActiveCfg = Release|Any CPU
		{40F6DB3D-513C-490F-881A-298962634947}.Release|Mixed Platforms.Build.0 = Release|Any CPU
		{40F6DB3D-513C-490F-881A-298962634947}.Release|x86.ActiveCfg = Release|Any CPU
		{40F6DB3D-513C-490F-881A-298962634947}.Test|Any CPU.ActiveCfg = Test|Any CPU
		{40F6DB3D-513C-490F-881A-298962634947}.Test|Any CPU.Build.0 = Test|Any CPU
		{40F6DB3D-513C-490F-881A-298962634947}.Test|Mixed Platforms.ActiveCfg = Test|Any CPU
		{40F6DB3D-513C-490F-881A-298962634947}.Test|Mixed Platforms.Build.0 = Test|Any CPU
		{40F6DB3D-513C-490F-881A-298962634947}.Test|x86.ActiveCfg = Test|Any CPU
		{E0931A15-6EBB-46EA-969D-37FD924D9233}.Debug|Any CPU.ActiveCfg = Debug|Any CPU
		{E0931A15-6EBB-46EA-969D-37FD924D9233}.Debug|Any CPU.Build.0 = Debug|Any CPU
		{E0931A15-6EBB-46EA-969D-37FD924D9233}.Debug|Mixed Platforms.ActiveCfg = Debug|Any CPU
		{E0931A15-6EBB-46EA-969D-37FD924D9233}.Debug|Mixed Platforms.Build.0 = Debug|Any CPU
		{E0931A15-6EBB-46EA-969D-37FD924D9233}.Debug|x86.ActiveCfg = Debug|Any CPU
		{E0931A15-6EBB-46EA-969D-37FD924D9233}.Release|Any CPU.ActiveCfg = Release|Any CPU
		{E0931A15-6EBB-46EA-969D-37FD924D9233}.Release|Any CPU.Build.0 = Release|Any CPU
		{E0931A15-6EBB-46EA-969D-37FD924D9233}.Release|Mixed Platforms.ActiveCfg = Release|Any CPU
		{E0931A15-6EBB-46EA-969D-37FD924D9233}.Release|Mixed Platforms.Build.0 = Release|Any CPU
		{E0931A15-6EBB-46EA-969D-37FD924D9233}.Release|x86.ActiveCfg = Release|Any CPU
		{E0931A15-6EBB-46EA-969D-37FD924D9233}.Test|Any CPU.ActiveCfg = Test|Any CPU
		{E0931A15-6EBB-46EA-969D-37FD924D9233}.Test|Any CPU.Build.0 = Test|Any CPU
		{E0931A15-6EBB-46EA-969D-37FD924D9233}.Test|Mixed Platforms.ActiveCfg = Test|Any CPU
		{E0931A15-6EBB-46EA-969D-37FD924D9233}.Test|Mixed Platforms.Build.0 = Test|Any CPU
		{E0931A15-6EBB-46EA-969D-37FD924D9233}.Test|x86.ActiveCfg = Test|Any CPU
		{E23C4A5D-127A-48B1-A17E-4972054A078F}.Debug|Any CPU.ActiveCfg = Debug|Any CPU
		{E23C4A5D-127A-48B1-A17E-4972054A078F}.Debug|Any CPU.Build.0 = Debug|Any CPU
		{E23C4A5D-127A-48B1-A17E-4972054A078F}.Debug|Mixed Platforms.ActiveCfg = Debug|Any CPU
		{E23C4A5D-127A-48B1-A17E-4972054A078F}.Debug|Mixed Platforms.Build.0 = Debug|Any CPU
		{E23C4A5D-127A-48B1-A17E-4972054A078F}.Debug|x86.ActiveCfg = Debug|Any CPU
		{E23C4A5D-127A-48B1-A17E-4972054A078F}.Release|Any CPU.ActiveCfg = Release|Any CPU
		{E23C4A5D-127A-48B1-A17E-4972054A078F}.Release|Any CPU.Build.0 = Release|Any CPU
		{E23C4A5D-127A-48B1-A17E-4972054A078F}.Release|Mixed Platforms.ActiveCfg = Release|Any CPU
		{E23C4A5D-127A-48B1-A17E-4972054A078F}.Release|Mixed Platforms.Build.0 = Release|Any CPU
		{E23C4A5D-127A-48B1-A17E-4972054A078F}.Release|x86.ActiveCfg = Release|Any CPU
		{E23C4A5D-127A-48B1-A17E-4972054A078F}.Test|Any CPU.ActiveCfg = Test|Any CPU
		{E23C4A5D-127A-48B1-A17E-4972054A078F}.Test|Any CPU.Build.0 = Test|Any CPU
		{E23C4A5D-127A-48B1-A17E-4972054A078F}.Test|Mixed Platforms.ActiveCfg = Test|Any CPU
		{E23C4A5D-127A-48B1-A17E-4972054A078F}.Test|Mixed Platforms.Build.0 = Test|Any CPU
		{E23C4A5D-127A-48B1-A17E-4972054A078F}.Test|x86.ActiveCfg = Test|Any CPU
		{A1DC656F-CF25-43A1-93E6-7AB3AA57B194}.Debug|Any CPU.ActiveCfg = Debug|Any CPU
		{A1DC656F-CF25-43A1-93E6-7AB3AA57B194}.Debug|Any CPU.Build.0 = Debug|Any CPU
		{A1DC656F-CF25-43A1-93E6-7AB3AA57B194}.Debug|Mixed Platforms.ActiveCfg = Debug|Any CPU
		{A1DC656F-CF25-43A1-93E6-7AB3AA57B194}.Debug|Mixed Platforms.Build.0 = Debug|Any CPU
		{A1DC656F-CF25-43A1-93E6-7AB3AA57B194}.Debug|x86.ActiveCfg = Debug|Any CPU
		{A1DC656F-CF25-43A1-93E6-7AB3AA57B194}.Release|Any CPU.ActiveCfg = Release|Any CPU
		{A1DC656F-CF25-43A1-93E6-7AB3AA57B194}.Release|Any CPU.Build.0 = Release|Any CPU
		{A1DC656F-CF25-43A1-93E6-7AB3AA57B194}.Release|Mixed Platforms.ActiveCfg = Release|Any CPU
		{A1DC656F-CF25-43A1-93E6-7AB3AA57B194}.Release|Mixed Platforms.Build.0 = Release|Any CPU
		{A1DC656F-CF25-43A1-93E6-7AB3AA57B194}.Release|x86.ActiveCfg = Release|Any CPU
		{A1DC656F-CF25-43A1-93E6-7AB3AA57B194}.Test|Any CPU.ActiveCfg = Test|Any CPU
		{A1DC656F-CF25-43A1-93E6-7AB3AA57B194}.Test|Any CPU.Build.0 = Test|Any CPU
		{A1DC656F-CF25-43A1-93E6-7AB3AA57B194}.Test|Mixed Platforms.ActiveCfg = Test|Any CPU
		{A1DC656F-CF25-43A1-93E6-7AB3AA57B194}.Test|Mixed Platforms.Build.0 = Test|Any CPU
		{A1DC656F-CF25-43A1-93E6-7AB3AA57B194}.Test|x86.ActiveCfg = Test|Any CPU
		{DB46E5F7-D6F2-40B7-A8B5-F4E57F5D1621}.Debug|Any CPU.ActiveCfg = Debug|Any CPU
		{DB46E5F7-D6F2-40B7-A8B5-F4E57F5D1621}.Debug|Any CPU.Build.0 = Debug|Any CPU
		{DB46E5F7-D6F2-40B7-A8B5-F4E57F5D1621}.Debug|Mixed Platforms.ActiveCfg = Debug|Any CPU
		{DB46E5F7-D6F2-40B7-A8B5-F4E57F5D1621}.Debug|Mixed Platforms.Build.0 = Debug|Any CPU
		{DB46E5F7-D6F2-40B7-A8B5-F4E57F5D1621}.Debug|x86.ActiveCfg = Debug|Any CPU
		{DB46E5F7-D6F2-40B7-A8B5-F4E57F5D1621}.Release|Any CPU.ActiveCfg = Release|Any CPU
		{DB46E5F7-D6F2-40B7-A8B5-F4E57F5D1621}.Release|Any CPU.Build.0 = Release|Any CPU
		{DB46E5F7-D6F2-40B7-A8B5-F4E57F5D1621}.Release|Mixed Platforms.ActiveCfg = Release|Any CPU
		{DB46E5F7-D6F2-40B7-A8B5-F4E57F5D1621}.Release|Mixed Platforms.Build.0 = Release|Any CPU
		{DB46E5F7-D6F2-40B7-A8B5-F4E57F5D1621}.Release|x86.ActiveCfg = Release|Any CPU
		{DB46E5F7-D6F2-40B7-A8B5-F4E57F5D1621}.Test|Any CPU.ActiveCfg = Test|Any CPU
		{DB46E5F7-D6F2-40B7-A8B5-F4E57F5D1621}.Test|Any CPU.Build.0 = Test|Any CPU
		{DB46E5F7-D6F2-40B7-A8B5-F4E57F5D1621}.Test|Mixed Platforms.ActiveCfg = Test|Any CPU
		{DB46E5F7-D6F2-40B7-A8B5-F4E57F5D1621}.Test|Mixed Platforms.Build.0 = Test|Any CPU
		{DB46E5F7-D6F2-40B7-A8B5-F4E57F5D1621}.Test|x86.ActiveCfg = Test|Any CPU
		{2AD369A3-7737-4EC5-A4BA-3E846F80C066}.Debug|Any CPU.ActiveCfg = Debug|Any CPU
		{2AD369A3-7737-4EC5-A4BA-3E846F80C066}.Debug|Any CPU.Build.0 = Debug|Any CPU
		{2AD369A3-7737-4EC5-A4BA-3E846F80C066}.Debug|Mixed Platforms.ActiveCfg = Debug|Any CPU
		{2AD369A3-7737-4EC5-A4BA-3E846F80C066}.Debug|Mixed Platforms.Build.0 = Debug|Any CPU
		{2AD369A3-7737-4EC5-A4BA-3E846F80C066}.Debug|x86.ActiveCfg = Debug|Any CPU
		{2AD369A3-7737-4EC5-A4BA-3E846F80C066}.Release|Any CPU.ActiveCfg = Release|Any CPU
		{2AD369A3-7737-4EC5-A4BA-3E846F80C066}.Release|Any CPU.Build.0 = Release|Any CPU
		{2AD369A3-7737-4EC5-A4BA-3E846F80C066}.Release|Mixed Platforms.ActiveCfg = Release|Any CPU
		{2AD369A3-7737-4EC5-A4BA-3E846F80C066}.Release|Mixed Platforms.Build.0 = Release|Any CPU
		{2AD369A3-7737-4EC5-A4BA-3E846F80C066}.Release|x86.ActiveCfg = Release|Any CPU
		{2AD369A3-7737-4EC5-A4BA-3E846F80C066}.Test|Any CPU.ActiveCfg = Test|Any CPU
		{2AD369A3-7737-4EC5-A4BA-3E846F80C066}.Test|Any CPU.Build.0 = Test|Any CPU
		{2AD369A3-7737-4EC5-A4BA-3E846F80C066}.Test|Mixed Platforms.ActiveCfg = Test|Any CPU
		{2AD369A3-7737-4EC5-A4BA-3E846F80C066}.Test|Mixed Platforms.Build.0 = Test|Any CPU
		{2AD369A3-7737-4EC5-A4BA-3E846F80C066}.Test|x86.ActiveCfg = Test|Any CPU
		{A51EE3F8-1D1A-4231-846A-923A2046D6CA}.Debug|Any CPU.ActiveCfg = Debug|Any CPU
		{A51EE3F8-1D1A-4231-846A-923A2046D6CA}.Debug|Any CPU.Build.0 = Debug|Any CPU
		{A51EE3F8-1D1A-4231-846A-923A2046D6CA}.Debug|Mixed Platforms.ActiveCfg = Debug|Any CPU
		{A51EE3F8-1D1A-4231-846A-923A2046D6CA}.Debug|Mixed Platforms.Build.0 = Debug|Any CPU
		{A51EE3F8-1D1A-4231-846A-923A2046D6CA}.Debug|x86.ActiveCfg = Debug|Any CPU
		{A51EE3F8-1D1A-4231-846A-923A2046D6CA}.Release|Any CPU.ActiveCfg = Release|Any CPU
		{A51EE3F8-1D1A-4231-846A-923A2046D6CA}.Release|Any CPU.Build.0 = Release|Any CPU
		{A51EE3F8-1D1A-4231-846A-923A2046D6CA}.Release|Mixed Platforms.ActiveCfg = Release|Any CPU
		{A51EE3F8-1D1A-4231-846A-923A2046D6CA}.Release|Mixed Platforms.Build.0 = Release|Any CPU
		{A51EE3F8-1D1A-4231-846A-923A2046D6CA}.Release|x86.ActiveCfg = Release|Any CPU
		{A51EE3F8-1D1A-4231-846A-923A2046D6CA}.Test|Any CPU.ActiveCfg = Test|Any CPU
		{A51EE3F8-1D1A-4231-846A-923A2046D6CA}.Test|Any CPU.Build.0 = Test|Any CPU
		{A51EE3F8-1D1A-4231-846A-923A2046D6CA}.Test|Mixed Platforms.ActiveCfg = Test|Any CPU
		{A51EE3F8-1D1A-4231-846A-923A2046D6CA}.Test|Mixed Platforms.Build.0 = Test|Any CPU
		{A51EE3F8-1D1A-4231-846A-923A2046D6CA}.Test|x86.ActiveCfg = Test|Any CPU
		{3DF1C48A-8DD2-4014-86BC-B5C1465DD58B}.Debug|Any CPU.ActiveCfg = Debug|x86
		{3DF1C48A-8DD2-4014-86BC-B5C1465DD58B}.Debug|Mixed Platforms.ActiveCfg = Debug|x86
		{3DF1C48A-8DD2-4014-86BC-B5C1465DD58B}.Debug|Mixed Platforms.Build.0 = Debug|x86
		{3DF1C48A-8DD2-4014-86BC-B5C1465DD58B}.Debug|x86.ActiveCfg = Debug|x86
		{3DF1C48A-8DD2-4014-86BC-B5C1465DD58B}.Debug|x86.Build.0 = Debug|x86
		{3DF1C48A-8DD2-4014-86BC-B5C1465DD58B}.Release|Any CPU.ActiveCfg = Release|x86
		{3DF1C48A-8DD2-4014-86BC-B5C1465DD58B}.Release|Mixed Platforms.ActiveCfg = Release|x86
		{3DF1C48A-8DD2-4014-86BC-B5C1465DD58B}.Release|Mixed Platforms.Build.0 = Release|x86
		{3DF1C48A-8DD2-4014-86BC-B5C1465DD58B}.Release|x86.ActiveCfg = Release|x86
		{3DF1C48A-8DD2-4014-86BC-B5C1465DD58B}.Release|x86.Build.0 = Release|x86
		{3DF1C48A-8DD2-4014-86BC-B5C1465DD58B}.Test|Any CPU.ActiveCfg = Test|x86
		{3DF1C48A-8DD2-4014-86BC-B5C1465DD58B}.Test|Any CPU.Build.0 = Test|x86
		{3DF1C48A-8DD2-4014-86BC-B5C1465DD58B}.Test|Mixed Platforms.ActiveCfg = Test|x86
		{3DF1C48A-8DD2-4014-86BC-B5C1465DD58B}.Test|Mixed Platforms.Build.0 = Test|x86
		{3DF1C48A-8DD2-4014-86BC-B5C1465DD58B}.Test|x86.ActiveCfg = Test|x86
		{F901B259-2419-4DDF-AB6B-FCDE42C2F2CC}.Debug|Any CPU.ActiveCfg = Debug|x86
		{F901B259-2419-4DDF-AB6B-FCDE42C2F2CC}.Debug|Mixed Platforms.ActiveCfg = Debug|x86
		{F901B259-2419-4DDF-AB6B-FCDE42C2F2CC}.Debug|Mixed Platforms.Build.0 = Debug|x86
		{F901B259-2419-4DDF-AB6B-FCDE42C2F2CC}.Debug|x86.ActiveCfg = Debug|x86
		{F901B259-2419-4DDF-AB6B-FCDE42C2F2CC}.Debug|x86.Build.0 = Debug|x86
		{F901B259-2419-4DDF-AB6B-FCDE42C2F2CC}.Release|Any CPU.ActiveCfg = Release|x86
		{F901B259-2419-4DDF-AB6B-FCDE42C2F2CC}.Release|Mixed Platforms.ActiveCfg = Release|x86
		{F901B259-2419-4DDF-AB6B-FCDE42C2F2CC}.Release|Mixed Platforms.Build.0 = Release|x86
		{F901B259-2419-4DDF-AB6B-FCDE42C2F2CC}.Release|x86.ActiveCfg = Release|x86
		{F901B259-2419-4DDF-AB6B-FCDE42C2F2CC}.Release|x86.Build.0 = Release|x86
		{F901B259-2419-4DDF-AB6B-FCDE42C2F2CC}.Test|Any CPU.ActiveCfg = Test|x86
		{F901B259-2419-4DDF-AB6B-FCDE42C2F2CC}.Test|Any CPU.Build.0 = Test|x86
		{F901B259-2419-4DDF-AB6B-FCDE42C2F2CC}.Test|Mixed Platforms.ActiveCfg = Test|x86
		{F901B259-2419-4DDF-AB6B-FCDE42C2F2CC}.Test|Mixed Platforms.Build.0 = Test|x86
		{F901B259-2419-4DDF-AB6B-FCDE42C2F2CC}.Test|x86.ActiveCfg = Test|x86
	EndGlobalSection
	GlobalSection(SolutionProperties) = preSolution
		HideSolutionNode = FALSE
	EndGlobalSection
	GlobalSection(NestedProjects) = preSolution
		{20B33F17-25DF-4DB1-AC52-A8128AF0CDD1} = {BFE8B5B9-AECB-4CC2-A0E6-699DC55F689C}
		{B8749831-5746-4443-BEE9-9B01792C0D98} = {BFE8B5B9-AECB-4CC2-A0E6-699DC55F689C}
		{0B3F2A4C-8DDF-4DAB-B676-44C927921EFF} = {BFE8B5B9-AECB-4CC2-A0E6-699DC55F689C}
		{40F6DB3D-513C-490F-881A-298962634947} = {BFE8B5B9-AECB-4CC2-A0E6-699DC55F689C}
		{E0931A15-6EBB-46EA-969D-37FD924D9233} = {BFE8B5B9-AECB-4CC2-A0E6-699DC55F689C}
		{E23C4A5D-127A-48B1-A17E-4972054A078F} = {BFE8B5B9-AECB-4CC2-A0E6-699DC55F689C}
		{A1DC656F-CF25-43A1-93E6-7AB3AA57B194} = {BFE8B5B9-AECB-4CC2-A0E6-699DC55F689C}
		{DB46E5F7-D6F2-40B7-A8B5-F4E57F5D1621} = {BFE8B5B9-AECB-4CC2-A0E6-699DC55F689C}
		{94930510-4C67-433D-B73A-29655584D09D} = {B216FC93-E33D-4EF9-9EFD-DD2A26173FE4}
		{5F97856C-CF5B-4446-AE5E-DCE873653CC1} = {F0FBE6A2-CA98-4C41-899C-A6E91BE1E940}
		{ACE1ED1B-FFE4-43D4-ABB3-106F8D1BAACB} = {F750FDD7-8D9E-4AFD-BEAB-24DC630052E4}
		{ACC38EB8-F9E4-4007-97DE-58D8052A16A0} = {F750FDD7-8D9E-4AFD-BEAB-24DC630052E4}
		{2AD369A3-7737-4EC5-A4BA-3E846F80C066} = {49208E2E-80FF-4158-935F-B3DCFEE7B9C1}
		{A51EE3F8-1D1A-4231-846A-923A2046D6CA} = {49208E2E-80FF-4158-935F-B3DCFEE7B9C1}
		{3DF1C48A-8DD2-4014-86BC-B5C1465DD58B} = {49208E2E-80FF-4158-935F-B3DCFEE7B9C1}
		{F901B259-2419-4DDF-AB6B-FCDE42C2F2CC} = {49208E2E-80FF-4158-935F-B3DCFEE7B9C1}
	EndGlobalSection
EndGlobal
