
Microsoft Visual Studio Solution File, Format Version 12.00
# Visual Studio 2013
VisualStudioVersion = 12.0.21005.1
MinimumVisualStudioVersion = 10.0.40219.1
Project("{6141683F-8A12-4E36-9623-2EB02B2C2303}") = "Setup Live Documenter Desktop", "3. Setup Projects\Setup Live Documenter Desktop\Setup Live Documenter Desktop.isproj", "{BC593870-56C7-46DA-BAE2-7DFEDF143132}"
EndProject
Project("{6141683F-8A12-4E36-9623-2EB02B2C2303}") = "Setup Live Documenter Exporter", "3. Setup Projects\Setup Live Documenter Exporter\Setup Live Documenter Exporter.isproj", "{0BC6A58A-39B2-40C9-B226-6D31BE821D72}"
EndProject
Project("{2150E333-8FDC-42A3-9474-1A3956D46DE8}") = "0. Source", "0. Source", "{F4A42EC6-E2AB-4A15-B222-28001B19C1FD}"
EndProject
Project("{FAE04EC0-301F-11D3-BF4B-00C04F79EFBC}") = "TheBoxSoftware", "TheBoxSoftware\TheBoxSoftware.csproj", "{20B33F17-25DF-4DB1-AC52-A8128AF0CDD1}"
EndProject
Project("{FAE04EC0-301F-11D3-BF4B-00C04F79EFBC}") = "TheBoxSoftware.Reflection", "TheBoxSoftware.Reflection\TheBoxSoftware.Reflection.csproj", "{B8749831-5746-4443-BEE9-9B01792C0D98}"
EndProject
Project("{FAE04EC0-301F-11D3-BF4B-00C04F79EFBC}") = "TheBoxSoftware.Documentation", "TheBoxSoftware.Documentation\TheBoxSoftware.Documentation.csproj", "{0B3F2A4C-8DDF-4DAB-B676-44C927921EFF}"
EndProject
Project("{FAE04EC0-301F-11D3-BF4B-00C04F79EFBC}") = "TheBoxSoftware.DeveloperSuite.LiveDocumenter.Exporter", "TheBoxSoftware.DeveloperSuite.LiveDocumenter.Exporter\TheBoxSoftware.DeveloperSuite.LiveDocumenter.Exporter.csproj", "{B8708C35-E94A-4819-9690-0C501E397B6D}"
EndProject
Project("{FAE04EC0-301F-11D3-BF4B-00C04F79EFBC}") = "TheBoxSoftware.DeveloperSuite.LiveDocumenter", "TheBoxSoftware.DeveloperSuite.LiveDocumenter\TheBoxSoftware.DeveloperSuite.LiveDocumenter.csproj", "{A1DC656F-CF25-43A1-93E6-7AB3AA57B194}"
EndProject
Project("{FAE04EC0-301F-11D3-BF4B-00C04F79EFBC}") = "TheBoxSoftware.API.LiveDocumentor", "TheBoxSoftware.API.LiveDocumenter\TheBoxSoftware.API.LiveDocumentor.csproj", "{DB46E5F7-D6F2-40B7-A8B5-F4E57F5D1621}"
EndProject
Project("{2150E333-8FDC-42A3-9474-1A3956D46DE8}") = "1. Install Files", "1. Install Files", "{5E4119B9-B318-4084-B4B1-E87DE743843F}"
	ProjectSection(SolutionItems) = preProject
		Solution Items\eula.rtf = Solution Items\eula.rtf
		Solution Items\live-documenter-setup-banner.jpg = Solution Items\live-documenter-setup-banner.jpg
	EndProjectSection
EndProject
Global
	GlobalSection(SolutionConfigurationPlatforms) = preSolution
		CD_ROM|Any CPU = CD_ROM|Any CPU
		CD_ROM|Mixed Platforms = CD_ROM|Mixed Platforms
		CD_ROM|x86 = CD_ROM|x86
		Debug|Any CPU = Debug|Any CPU
		Debug|Mixed Platforms = Debug|Mixed Platforms
		Debug|x86 = Debug|x86
		DVD-5|Any CPU = DVD-5|Any CPU
		DVD-5|Mixed Platforms = DVD-5|Mixed Platforms
		DVD-5|x86 = DVD-5|x86
		Release|Any CPU = Release|Any CPU
		Release|Mixed Platforms = Release|Mixed Platforms
		Release|x86 = Release|x86
		SingleImage|Any CPU = SingleImage|Any CPU
		SingleImage|Mixed Platforms = SingleImage|Mixed Platforms
		SingleImage|x86 = SingleImage|x86
		Test|Any CPU = Test|Any CPU
		Test|Mixed Platforms = Test|Mixed Platforms
		Test|x86 = Test|x86
	EndGlobalSection
	GlobalSection(ProjectConfigurationPlatforms) = postSolution
		{BC593870-56C7-46DA-BAE2-7DFEDF143132}.CD_ROM|Any CPU.ActiveCfg = CD_ROM
		{BC593870-56C7-46DA-BAE2-7DFEDF143132}.CD_ROM|Any CPU.Build.0 = CD_ROM
		{BC593870-56C7-46DA-BAE2-7DFEDF143132}.CD_ROM|Mixed Platforms.ActiveCfg = CD_ROM
		{BC593870-56C7-46DA-BAE2-7DFEDF143132}.CD_ROM|Mixed Platforms.Build.0 = CD_ROM
		{BC593870-56C7-46DA-BAE2-7DFEDF143132}.CD_ROM|x86.ActiveCfg = CD_ROM
		{BC593870-56C7-46DA-BAE2-7DFEDF143132}.CD_ROM|x86.Build.0 = CD_ROM
		{BC593870-56C7-46DA-BAE2-7DFEDF143132}.Debug|Any CPU.ActiveCfg = DVD-5
		{BC593870-56C7-46DA-BAE2-7DFEDF143132}.Debug|Any CPU.Build.0 = DVD-5
		{BC593870-56C7-46DA-BAE2-7DFEDF143132}.Debug|Mixed Platforms.ActiveCfg = DVD-5
		{BC593870-56C7-46DA-BAE2-7DFEDF143132}.Debug|Mixed Platforms.Build.0 = DVD-5
		{BC593870-56C7-46DA-BAE2-7DFEDF143132}.Debug|x86.ActiveCfg = DVD-5
		{BC593870-56C7-46DA-BAE2-7DFEDF143132}.Debug|x86.Build.0 = DVD-5
		{BC593870-56C7-46DA-BAE2-7DFEDF143132}.DVD-5|Any CPU.ActiveCfg = DVD-5
		{BC593870-56C7-46DA-BAE2-7DFEDF143132}.DVD-5|Any CPU.Build.0 = DVD-5
		{BC593870-56C7-46DA-BAE2-7DFEDF143132}.DVD-5|Mixed Platforms.ActiveCfg = DVD-5
		{BC593870-56C7-46DA-BAE2-7DFEDF143132}.DVD-5|Mixed Platforms.Build.0 = DVD-5
		{BC593870-56C7-46DA-BAE2-7DFEDF143132}.DVD-5|x86.ActiveCfg = DVD-5
		{BC593870-56C7-46DA-BAE2-7DFEDF143132}.DVD-5|x86.Build.0 = DVD-5
		{BC593870-56C7-46DA-BAE2-7DFEDF143132}.Release|Any CPU.ActiveCfg = SingleImage
		{BC593870-56C7-46DA-BAE2-7DFEDF143132}.Release|Any CPU.Build.0 = SingleImage
		{BC593870-56C7-46DA-BAE2-7DFEDF143132}.Release|Mixed Platforms.ActiveCfg = SingleImage
		{BC593870-56C7-46DA-BAE2-7DFEDF143132}.Release|Mixed Platforms.Build.0 = SingleImage
		{BC593870-56C7-46DA-BAE2-7DFEDF143132}.Release|x86.ActiveCfg = SingleImage
		{BC593870-56C7-46DA-BAE2-7DFEDF143132}.Release|x86.Build.0 = SingleImage
		{BC593870-56C7-46DA-BAE2-7DFEDF143132}.SingleImage|Any CPU.ActiveCfg = SingleImage
		{BC593870-56C7-46DA-BAE2-7DFEDF143132}.SingleImage|Any CPU.Build.0 = SingleImage
		{BC593870-56C7-46DA-BAE2-7DFEDF143132}.SingleImage|Mixed Platforms.ActiveCfg = SingleImage
		{BC593870-56C7-46DA-BAE2-7DFEDF143132}.SingleImage|Mixed Platforms.Build.0 = SingleImage
		{BC593870-56C7-46DA-BAE2-7DFEDF143132}.SingleImage|x86.ActiveCfg = SingleImage
		{BC593870-56C7-46DA-BAE2-7DFEDF143132}.SingleImage|x86.Build.0 = SingleImage
		{BC593870-56C7-46DA-BAE2-7DFEDF143132}.Test|Any CPU.ActiveCfg = SingleImage
		{BC593870-56C7-46DA-BAE2-7DFEDF143132}.Test|Any CPU.Build.0 = SingleImage
		{BC593870-56C7-46DA-BAE2-7DFEDF143132}.Test|Mixed Platforms.ActiveCfg = SingleImage
		{BC593870-56C7-46DA-BAE2-7DFEDF143132}.Test|Mixed Platforms.Build.0 = SingleImage
		{BC593870-56C7-46DA-BAE2-7DFEDF143132}.Test|x86.ActiveCfg = SingleImage
		{BC593870-56C7-46DA-BAE2-7DFEDF143132}.Test|x86.Build.0 = SingleImage
		{0BC6A58A-39B2-40C9-B226-6D31BE821D72}.CD_ROM|Any CPU.ActiveCfg = CD_ROM
		{0BC6A58A-39B2-40C9-B226-6D31BE821D72}.CD_ROM|Any CPU.Build.0 = CD_ROM
		{0BC6A58A-39B2-40C9-B226-6D31BE821D72}.CD_ROM|Mixed Platforms.ActiveCfg = CD_ROM
		{0BC6A58A-39B2-40C9-B226-6D31BE821D72}.CD_ROM|Mixed Platforms.Build.0 = CD_ROM
		{0BC6A58A-39B2-40C9-B226-6D31BE821D72}.CD_ROM|x86.ActiveCfg = CD_ROM
		{0BC6A58A-39B2-40C9-B226-6D31BE821D72}.CD_ROM|x86.Build.0 = CD_ROM
		{0BC6A58A-39B2-40C9-B226-6D31BE821D72}.Debug|Any CPU.ActiveCfg = DVD-5
		{0BC6A58A-39B2-40C9-B226-6D31BE821D72}.Debug|Any CPU.Build.0 = DVD-5
		{0BC6A58A-39B2-40C9-B226-6D31BE821D72}.Debug|Mixed Platforms.ActiveCfg = DVD-5
		{0BC6A58A-39B2-40C9-B226-6D31BE821D72}.Debug|Mixed Platforms.Build.0 = DVD-5
		{0BC6A58A-39B2-40C9-B226-6D31BE821D72}.Debug|x86.ActiveCfg = DVD-5
		{0BC6A58A-39B2-40C9-B226-6D31BE821D72}.Debug|x86.Build.0 = DVD-5
		{0BC6A58A-39B2-40C9-B226-6D31BE821D72}.DVD-5|Any CPU.ActiveCfg = DVD-5
		{0BC6A58A-39B2-40C9-B226-6D31BE821D72}.DVD-5|Any CPU.Build.0 = DVD-5
		{0BC6A58A-39B2-40C9-B226-6D31BE821D72}.DVD-5|Mixed Platforms.ActiveCfg = DVD-5
		{0BC6A58A-39B2-40C9-B226-6D31BE821D72}.DVD-5|Mixed Platforms.Build.0 = DVD-5
		{0BC6A58A-39B2-40C9-B226-6D31BE821D72}.DVD-5|x86.ActiveCfg = DVD-5
		{0BC6A58A-39B2-40C9-B226-6D31BE821D72}.DVD-5|x86.Build.0 = DVD-5
		{0BC6A58A-39B2-40C9-B226-6D31BE821D72}.Release|Any CPU.ActiveCfg = SingleImage
		{0BC6A58A-39B2-40C9-B226-6D31BE821D72}.Release|Any CPU.Build.0 = SingleImage
		{0BC6A58A-39B2-40C9-B226-6D31BE821D72}.Release|Mixed Platforms.ActiveCfg = SingleImage
		{0BC6A58A-39B2-40C9-B226-6D31BE821D72}.Release|Mixed Platforms.Build.0 = SingleImage
		{0BC6A58A-39B2-40C9-B226-6D31BE821D72}.Release|x86.ActiveCfg = SingleImage
		{0BC6A58A-39B2-40C9-B226-6D31BE821D72}.Release|x86.Build.0 = SingleImage
		{0BC6A58A-39B2-40C9-B226-6D31BE821D72}.SingleImage|Any CPU.ActiveCfg = SingleImage
		{0BC6A58A-39B2-40C9-B226-6D31BE821D72}.SingleImage|Any CPU.Build.0 = SingleImage
		{0BC6A58A-39B2-40C9-B226-6D31BE821D72}.SingleImage|Mixed Platforms.ActiveCfg = SingleImage
		{0BC6A58A-39B2-40C9-B226-6D31BE821D72}.SingleImage|Mixed Platforms.Build.0 = SingleImage
		{0BC6A58A-39B2-40C9-B226-6D31BE821D72}.SingleImage|x86.ActiveCfg = SingleImage
		{0BC6A58A-39B2-40C9-B226-6D31BE821D72}.SingleImage|x86.Build.0 = SingleImage
		{0BC6A58A-39B2-40C9-B226-6D31BE821D72}.Test|Any CPU.ActiveCfg = SingleImage
		{0BC6A58A-39B2-40C9-B226-6D31BE821D72}.Test|Any CPU.Build.0 = SingleImage
		{0BC6A58A-39B2-40C9-B226-6D31BE821D72}.Test|Mixed Platforms.ActiveCfg = SingleImage
		{0BC6A58A-39B2-40C9-B226-6D31BE821D72}.Test|Mixed Platforms.Build.0 = SingleImage
		{0BC6A58A-39B2-40C9-B226-6D31BE821D72}.Test|x86.ActiveCfg = SingleImage
		{0BC6A58A-39B2-40C9-B226-6D31BE821D72}.Test|x86.Build.0 = SingleImage
		{20B33F17-25DF-4DB1-AC52-A8128AF0CDD1}.CD_ROM|Any CPU.ActiveCfg = Release|Any CPU
		{20B33F17-25DF-4DB1-AC52-A8128AF0CDD1}.CD_ROM|Any CPU.Build.0 = Release|Any CPU
		{20B33F17-25DF-4DB1-AC52-A8128AF0CDD1}.CD_ROM|Mixed Platforms.ActiveCfg = Release|Any CPU
		{20B33F17-25DF-4DB1-AC52-A8128AF0CDD1}.CD_ROM|Mixed Platforms.Build.0 = Release|Any CPU
		{20B33F17-25DF-4DB1-AC52-A8128AF0CDD1}.CD_ROM|x86.ActiveCfg = Release|Any CPU
		{20B33F17-25DF-4DB1-AC52-A8128AF0CDD1}.Debug|Any CPU.ActiveCfg = Debug|Any CPU
		{20B33F17-25DF-4DB1-AC52-A8128AF0CDD1}.Debug|Any CPU.Build.0 = Debug|Any CPU
		{20B33F17-25DF-4DB1-AC52-A8128AF0CDD1}.Debug|Mixed Platforms.ActiveCfg = Debug|Any CPU
		{20B33F17-25DF-4DB1-AC52-A8128AF0CDD1}.Debug|Mixed Platforms.Build.0 = Debug|Any CPU
		{20B33F17-25DF-4DB1-AC52-A8128AF0CDD1}.Debug|x86.ActiveCfg = Debug|Any CPU
		{20B33F17-25DF-4DB1-AC52-A8128AF0CDD1}.DVD-5|Any CPU.ActiveCfg = Debug|Any CPU
		{20B33F17-25DF-4DB1-AC52-A8128AF0CDD1}.DVD-5|Any CPU.Build.0 = Debug|Any CPU
		{20B33F17-25DF-4DB1-AC52-A8128AF0CDD1}.DVD-5|Mixed Platforms.ActiveCfg = Debug|Any CPU
		{20B33F17-25DF-4DB1-AC52-A8128AF0CDD1}.DVD-5|Mixed Platforms.Build.0 = Debug|Any CPU
		{20B33F17-25DF-4DB1-AC52-A8128AF0CDD1}.DVD-5|x86.ActiveCfg = Debug|Any CPU
		{20B33F17-25DF-4DB1-AC52-A8128AF0CDD1}.Release|Any CPU.ActiveCfg = Release|Any CPU
		{20B33F17-25DF-4DB1-AC52-A8128AF0CDD1}.Release|Any CPU.Build.0 = Release|Any CPU
		{20B33F17-25DF-4DB1-AC52-A8128AF0CDD1}.Release|Mixed Platforms.ActiveCfg = Release|Any CPU
		{20B33F17-25DF-4DB1-AC52-A8128AF0CDD1}.Release|Mixed Platforms.Build.0 = Release|Any CPU
		{20B33F17-25DF-4DB1-AC52-A8128AF0CDD1}.Release|x86.ActiveCfg = Release|Any CPU
		{20B33F17-25DF-4DB1-AC52-A8128AF0CDD1}.SingleImage|Any CPU.ActiveCfg = Release|Any CPU
		{20B33F17-25DF-4DB1-AC52-A8128AF0CDD1}.SingleImage|Any CPU.Build.0 = Release|Any CPU
		{20B33F17-25DF-4DB1-AC52-A8128AF0CDD1}.SingleImage|Mixed Platforms.ActiveCfg = Release|Any CPU
		{20B33F17-25DF-4DB1-AC52-A8128AF0CDD1}.SingleImage|Mixed Platforms.Build.0 = Release|Any CPU
		{20B33F17-25DF-4DB1-AC52-A8128AF0CDD1}.SingleImage|x86.ActiveCfg = Release|Any CPU
		{20B33F17-25DF-4DB1-AC52-A8128AF0CDD1}.Test|Any CPU.ActiveCfg = Release|Any CPU
		{20B33F17-25DF-4DB1-AC52-A8128AF0CDD1}.Test|Any CPU.Build.0 = Release|Any CPU
		{20B33F17-25DF-4DB1-AC52-A8128AF0CDD1}.Test|Mixed Platforms.ActiveCfg = Release|Any CPU
		{20B33F17-25DF-4DB1-AC52-A8128AF0CDD1}.Test|Mixed Platforms.Build.0 = Release|Any CPU
		{20B33F17-25DF-4DB1-AC52-A8128AF0CDD1}.Test|x86.ActiveCfg = Release|Any CPU
		{B8749831-5746-4443-BEE9-9B01792C0D98}.CD_ROM|Any CPU.ActiveCfg = Test|Any CPU
		{B8749831-5746-4443-BEE9-9B01792C0D98}.CD_ROM|Any CPU.Build.0 = Test|Any CPU
		{B8749831-5746-4443-BEE9-9B01792C0D98}.CD_ROM|Mixed Platforms.ActiveCfg = Test|Any CPU
		{B8749831-5746-4443-BEE9-9B01792C0D98}.CD_ROM|Mixed Platforms.Build.0 = Test|Any CPU
		{B8749831-5746-4443-BEE9-9B01792C0D98}.CD_ROM|x86.ActiveCfg = Test|Any CPU
		{B8749831-5746-4443-BEE9-9B01792C0D98}.Debug|Any CPU.ActiveCfg = Debug|Any CPU
		{B8749831-5746-4443-BEE9-9B01792C0D98}.Debug|Any CPU.Build.0 = Debug|Any CPU
		{B8749831-5746-4443-BEE9-9B01792C0D98}.Debug|Mixed Platforms.ActiveCfg = Debug|Any CPU
		{B8749831-5746-4443-BEE9-9B01792C0D98}.Debug|Mixed Platforms.Build.0 = Debug|Any CPU
		{B8749831-5746-4443-BEE9-9B01792C0D98}.Debug|x86.ActiveCfg = Debug|Any CPU
		{B8749831-5746-4443-BEE9-9B01792C0D98}.DVD-5|Any CPU.ActiveCfg = Debug|Any CPU
		{B8749831-5746-4443-BEE9-9B01792C0D98}.DVD-5|Any CPU.Build.0 = Debug|Any CPU
		{B8749831-5746-4443-BEE9-9B01792C0D98}.DVD-5|Mixed Platforms.ActiveCfg = Debug|Any CPU
		{B8749831-5746-4443-BEE9-9B01792C0D98}.DVD-5|Mixed Platforms.Build.0 = Debug|Any CPU
		{B8749831-5746-4443-BEE9-9B01792C0D98}.DVD-5|x86.ActiveCfg = Debug|Any CPU
		{B8749831-5746-4443-BEE9-9B01792C0D98}.Release|Any CPU.ActiveCfg = Release|Any CPU
		{B8749831-5746-4443-BEE9-9B01792C0D98}.Release|Any CPU.Build.0 = Release|Any CPU
		{B8749831-5746-4443-BEE9-9B01792C0D98}.Release|Mixed Platforms.ActiveCfg = Release|Any CPU
		{B8749831-5746-4443-BEE9-9B01792C0D98}.Release|Mixed Platforms.Build.0 = Release|Any CPU
		{B8749831-5746-4443-BEE9-9B01792C0D98}.Release|x86.ActiveCfg = Release|Any CPU
		{B8749831-5746-4443-BEE9-9B01792C0D98}.SingleImage|Any CPU.ActiveCfg = Test|Any CPU
		{B8749831-5746-4443-BEE9-9B01792C0D98}.SingleImage|Any CPU.Build.0 = Test|Any CPU
		{B8749831-5746-4443-BEE9-9B01792C0D98}.SingleImage|Mixed Platforms.ActiveCfg = Test|Any CPU
		{B8749831-5746-4443-BEE9-9B01792C0D98}.SingleImage|Mixed Platforms.Build.0 = Test|Any CPU
		{B8749831-5746-4443-BEE9-9B01792C0D98}.SingleImage|x86.ActiveCfg = Test|Any CPU
		{B8749831-5746-4443-BEE9-9B01792C0D98}.Test|Any CPU.ActiveCfg = Test|Any CPU
		{B8749831-5746-4443-BEE9-9B01792C0D98}.Test|Any CPU.Build.0 = Test|Any CPU
		{B8749831-5746-4443-BEE9-9B01792C0D98}.Test|Mixed Platforms.ActiveCfg = Test|Any CPU
		{B8749831-5746-4443-BEE9-9B01792C0D98}.Test|Mixed Platforms.Build.0 = Test|Any CPU
		{B8749831-5746-4443-BEE9-9B01792C0D98}.Test|x86.ActiveCfg = Test|Any CPU
		{0B3F2A4C-8DDF-4DAB-B676-44C927921EFF}.CD_ROM|Any CPU.ActiveCfg = Test|Any CPU
		{0B3F2A4C-8DDF-4DAB-B676-44C927921EFF}.CD_ROM|Any CPU.Build.0 = Test|Any CPU
		{0B3F2A4C-8DDF-4DAB-B676-44C927921EFF}.CD_ROM|Mixed Platforms.ActiveCfg = Test|Any CPU
		{0B3F2A4C-8DDF-4DAB-B676-44C927921EFF}.CD_ROM|Mixed Platforms.Build.0 = Test|Any CPU
		{0B3F2A4C-8DDF-4DAB-B676-44C927921EFF}.CD_ROM|x86.ActiveCfg = Test|Any CPU
		{0B3F2A4C-8DDF-4DAB-B676-44C927921EFF}.Debug|Any CPU.ActiveCfg = Debug|Any CPU
		{0B3F2A4C-8DDF-4DAB-B676-44C927921EFF}.Debug|Any CPU.Build.0 = Debug|Any CPU
		{0B3F2A4C-8DDF-4DAB-B676-44C927921EFF}.Debug|Mixed Platforms.ActiveCfg = Debug|Any CPU
		{0B3F2A4C-8DDF-4DAB-B676-44C927921EFF}.Debug|Mixed Platforms.Build.0 = Debug|Any CPU
		{0B3F2A4C-8DDF-4DAB-B676-44C927921EFF}.Debug|x86.ActiveCfg = Debug|Any CPU
		{0B3F2A4C-8DDF-4DAB-B676-44C927921EFF}.DVD-5|Any CPU.ActiveCfg = Debug|Any CPU
		{0B3F2A4C-8DDF-4DAB-B676-44C927921EFF}.DVD-5|Any CPU.Build.0 = Debug|Any CPU
		{0B3F2A4C-8DDF-4DAB-B676-44C927921EFF}.DVD-5|Mixed Platforms.ActiveCfg = Debug|Any CPU
		{0B3F2A4C-8DDF-4DAB-B676-44C927921EFF}.DVD-5|Mixed Platforms.Build.0 = Debug|Any CPU
		{0B3F2A4C-8DDF-4DAB-B676-44C927921EFF}.DVD-5|x86.ActiveCfg = Debug|Any CPU
		{0B3F2A4C-8DDF-4DAB-B676-44C927921EFF}.Release|Any CPU.ActiveCfg = Release|Any CPU
		{0B3F2A4C-8DDF-4DAB-B676-44C927921EFF}.Release|Any CPU.Build.0 = Release|Any CPU
		{0B3F2A4C-8DDF-4DAB-B676-44C927921EFF}.Release|Mixed Platforms.ActiveCfg = Release|Any CPU
		{0B3F2A4C-8DDF-4DAB-B676-44C927921EFF}.Release|Mixed Platforms.Build.0 = Release|Any CPU
		{0B3F2A4C-8DDF-4DAB-B676-44C927921EFF}.Release|x86.ActiveCfg = Release|Any CPU
		{0B3F2A4C-8DDF-4DAB-B676-44C927921EFF}.SingleImage|Any CPU.ActiveCfg = Test|Any CPU
		{0B3F2A4C-8DDF-4DAB-B676-44C927921EFF}.SingleImage|Any CPU.Build.0 = Test|Any CPU
		{0B3F2A4C-8DDF-4DAB-B676-44C927921EFF}.SingleImage|Mixed Platforms.ActiveCfg = Test|Any CPU
		{0B3F2A4C-8DDF-4DAB-B676-44C927921EFF}.SingleImage|Mixed Platforms.Build.0 = Test|Any CPU
		{0B3F2A4C-8DDF-4DAB-B676-44C927921EFF}.SingleImage|x86.ActiveCfg = Test|Any CPU
		{0B3F2A4C-8DDF-4DAB-B676-44C927921EFF}.Test|Any CPU.ActiveCfg = Test|Any CPU
		{0B3F2A4C-8DDF-4DAB-B676-44C927921EFF}.Test|Any CPU.Build.0 = Test|Any CPU
		{0B3F2A4C-8DDF-4DAB-B676-44C927921EFF}.Test|Mixed Platforms.ActiveCfg = Test|Any CPU
		{0B3F2A4C-8DDF-4DAB-B676-44C927921EFF}.Test|Mixed Platforms.Build.0 = Test|Any CPU
		{0B3F2A4C-8DDF-4DAB-B676-44C927921EFF}.Test|x86.ActiveCfg = Test|Any CPU
		{B8708C35-E94A-4819-9690-0C501E397B6D}.CD_ROM|Any CPU.ActiveCfg = Release|x86
		{B8708C35-E94A-4819-9690-0C501E397B6D}.CD_ROM|Mixed Platforms.ActiveCfg = Release|x86
		{B8708C35-E94A-4819-9690-0C501E397B6D}.CD_ROM|Mixed Platforms.Build.0 = Release|x86
		{B8708C35-E94A-4819-9690-0C501E397B6D}.CD_ROM|x86.ActiveCfg = Release|x86
		{B8708C35-E94A-4819-9690-0C501E397B6D}.CD_ROM|x86.Build.0 = Release|x86
		{B8708C35-E94A-4819-9690-0C501E397B6D}.Debug|Any CPU.ActiveCfg = Debug|x86
		{B8708C35-E94A-4819-9690-0C501E397B6D}.Debug|Mixed Platforms.ActiveCfg = Debug|x86
		{B8708C35-E94A-4819-9690-0C501E397B6D}.Debug|Mixed Platforms.Build.0 = Debug|x86
		{B8708C35-E94A-4819-9690-0C501E397B6D}.Debug|x86.ActiveCfg = Debug|x86
		{B8708C35-E94A-4819-9690-0C501E397B6D}.Debug|x86.Build.0 = Debug|x86
		{B8708C35-E94A-4819-9690-0C501E397B6D}.DVD-5|Any CPU.ActiveCfg = Debug|x86
		{B8708C35-E94A-4819-9690-0C501E397B6D}.DVD-5|Mixed Platforms.ActiveCfg = Debug|x86
		{B8708C35-E94A-4819-9690-0C501E397B6D}.DVD-5|Mixed Platforms.Build.0 = Debug|x86
		{B8708C35-E94A-4819-9690-0C501E397B6D}.DVD-5|x86.ActiveCfg = Debug|x86
		{B8708C35-E94A-4819-9690-0C501E397B6D}.DVD-5|x86.Build.0 = Debug|x86
		{B8708C35-E94A-4819-9690-0C501E397B6D}.Release|Any CPU.ActiveCfg = Release|x86
		{B8708C35-E94A-4819-9690-0C501E397B6D}.Release|Mixed Platforms.ActiveCfg = Release|x86
		{B8708C35-E94A-4819-9690-0C501E397B6D}.Release|Mixed Platforms.Build.0 = Release|x86
		{B8708C35-E94A-4819-9690-0C501E397B6D}.Release|x86.ActiveCfg = Release|x86
		{B8708C35-E94A-4819-9690-0C501E397B6D}.Release|x86.Build.0 = Release|x86
		{B8708C35-E94A-4819-9690-0C501E397B6D}.SingleImage|Any CPU.ActiveCfg = Release|x86
		{B8708C35-E94A-4819-9690-0C501E397B6D}.SingleImage|Mixed Platforms.ActiveCfg = Release|x86
		{B8708C35-E94A-4819-9690-0C501E397B6D}.SingleImage|Mixed Platforms.Build.0 = Release|x86
		{B8708C35-E94A-4819-9690-0C501E397B6D}.SingleImage|x86.ActiveCfg = Release|x86
		{B8708C35-E94A-4819-9690-0C501E397B6D}.SingleImage|x86.Build.0 = Release|x86
		{B8708C35-E94A-4819-9690-0C501E397B6D}.Test|Any CPU.ActiveCfg = Release|x86
		{B8708C35-E94A-4819-9690-0C501E397B6D}.Test|Mixed Platforms.ActiveCfg = Release|x86
		{B8708C35-E94A-4819-9690-0C501E397B6D}.Test|Mixed Platforms.Build.0 = Release|x86
		{B8708C35-E94A-4819-9690-0C501E397B6D}.Test|x86.ActiveCfg = Release|x86
		{B8708C35-E94A-4819-9690-0C501E397B6D}.Test|x86.Build.0 = Release|x86
		{A1DC656F-CF25-43A1-93E6-7AB3AA57B194}.CD_ROM|Any CPU.ActiveCfg = Release|Any CPU
		{A1DC656F-CF25-43A1-93E6-7AB3AA57B194}.CD_ROM|Any CPU.Build.0 = Release|Any CPU
		{A1DC656F-CF25-43A1-93E6-7AB3AA57B194}.CD_ROM|Mixed Platforms.ActiveCfg = Release|Any CPU
		{A1DC656F-CF25-43A1-93E6-7AB3AA57B194}.CD_ROM|Mixed Platforms.Build.0 = Release|Any CPU
		{A1DC656F-CF25-43A1-93E6-7AB3AA57B194}.CD_ROM|x86.ActiveCfg = Release|Any CPU
		{A1DC656F-CF25-43A1-93E6-7AB3AA57B194}.Debug|Any CPU.ActiveCfg = Debug|Any CPU
		{A1DC656F-CF25-43A1-93E6-7AB3AA57B194}.Debug|Any CPU.Build.0 = Debug|Any CPU
		{A1DC656F-CF25-43A1-93E6-7AB3AA57B194}.Debug|Mixed Platforms.ActiveCfg = Debug|Any CPU
		{A1DC656F-CF25-43A1-93E6-7AB3AA57B194}.Debug|Mixed Platforms.Build.0 = Debug|Any CPU
		{A1DC656F-CF25-43A1-93E6-7AB3AA57B194}.Debug|x86.ActiveCfg = Debug|Any CPU
		{A1DC656F-CF25-43A1-93E6-7AB3AA57B194}.DVD-5|Any CPU.ActiveCfg = Debug|Any CPU
		{A1DC656F-CF25-43A1-93E6-7AB3AA57B194}.DVD-5|Any CPU.Build.0 = Debug|Any CPU
		{A1DC656F-CF25-43A1-93E6-7AB3AA57B194}.DVD-5|Mixed Platforms.ActiveCfg = Debug|Any CPU
		{A1DC656F-CF25-43A1-93E6-7AB3AA57B194}.DVD-5|Mixed Platforms.Build.0 = Debug|Any CPU
		{A1DC656F-CF25-43A1-93E6-7AB3AA57B194}.DVD-5|x86.ActiveCfg = Debug|Any CPU
		{A1DC656F-CF25-43A1-93E6-7AB3AA57B194}.Release|Any CPU.ActiveCfg = Release|Any CPU
		{A1DC656F-CF25-43A1-93E6-7AB3AA57B194}.Release|Any CPU.Build.0 = Release|Any CPU
		{A1DC656F-CF25-43A1-93E6-7AB3AA57B194}.Release|Mixed Platforms.ActiveCfg = Release|Any CPU
		{A1DC656F-CF25-43A1-93E6-7AB3AA57B194}.Release|Mixed Platforms.Build.0 = Release|Any CPU
		{A1DC656F-CF25-43A1-93E6-7AB3AA57B194}.Release|x86.ActiveCfg = Release|Any CPU
		{A1DC656F-CF25-43A1-93E6-7AB3AA57B194}.SingleImage|Any CPU.ActiveCfg = Release|Any CPU
		{A1DC656F-CF25-43A1-93E6-7AB3AA57B194}.SingleImage|Any CPU.Build.0 = Release|Any CPU
		{A1DC656F-CF25-43A1-93E6-7AB3AA57B194}.SingleImage|Mixed Platforms.ActiveCfg = Release|Any CPU
		{A1DC656F-CF25-43A1-93E6-7AB3AA57B194}.SingleImage|Mixed Platforms.Build.0 = Release|Any CPU
		{A1DC656F-CF25-43A1-93E6-7AB3AA57B194}.SingleImage|x86.ActiveCfg = Release|Any CPU
		{A1DC656F-CF25-43A1-93E6-7AB3AA57B194}.Test|Any CPU.ActiveCfg = Release|Any CPU
		{A1DC656F-CF25-43A1-93E6-7AB3AA57B194}.Test|Any CPU.Build.0 = Release|Any CPU
		{A1DC656F-CF25-43A1-93E6-7AB3AA57B194}.Test|Mixed Platforms.ActiveCfg = Release|Any CPU
		{A1DC656F-CF25-43A1-93E6-7AB3AA57B194}.Test|Mixed Platforms.Build.0 = Release|Any CPU
		{A1DC656F-CF25-43A1-93E6-7AB3AA57B194}.Test|x86.ActiveCfg = Release|Any CPU
		{DB46E5F7-D6F2-40B7-A8B5-F4E57F5D1621}.CD_ROM|Any CPU.ActiveCfg = Release|Any CPU
		{DB46E5F7-D6F2-40B7-A8B5-F4E57F5D1621}.CD_ROM|Any CPU.Build.0 = Release|Any CPU
		{DB46E5F7-D6F2-40B7-A8B5-F4E57F5D1621}.CD_ROM|Mixed Platforms.ActiveCfg = Release|Any CPU
		{DB46E5F7-D6F2-40B7-A8B5-F4E57F5D1621}.CD_ROM|Mixed Platforms.Build.0 = Release|Any CPU
		{DB46E5F7-D6F2-40B7-A8B5-F4E57F5D1621}.CD_ROM|x86.ActiveCfg = Release|Any CPU
		{DB46E5F7-D6F2-40B7-A8B5-F4E57F5D1621}.Debug|Any CPU.ActiveCfg = Debug|Any CPU
		{DB46E5F7-D6F2-40B7-A8B5-F4E57F5D1621}.Debug|Any CPU.Build.0 = Debug|Any CPU
		{DB46E5F7-D6F2-40B7-A8B5-F4E57F5D1621}.Debug|Mixed Platforms.ActiveCfg = Debug|Any CPU
		{DB46E5F7-D6F2-40B7-A8B5-F4E57F5D1621}.Debug|Mixed Platforms.Build.0 = Debug|Any CPU
		{DB46E5F7-D6F2-40B7-A8B5-F4E57F5D1621}.Debug|x86.ActiveCfg = Debug|Any CPU
		{DB46E5F7-D6F2-40B7-A8B5-F4E57F5D1621}.DVD-5|Any CPU.ActiveCfg = Debug|Any CPU
		{DB46E5F7-D6F2-40B7-A8B5-F4E57F5D1621}.DVD-5|Any CPU.Build.0 = Debug|Any CPU
		{DB46E5F7-D6F2-40B7-A8B5-F4E57F5D1621}.DVD-5|Mixed Platforms.ActiveCfg = Debug|Any CPU
		{DB46E5F7-D6F2-40B7-A8B5-F4E57F5D1621}.DVD-5|Mixed Platforms.Build.0 = Debug|Any CPU
		{DB46E5F7-D6F2-40B7-A8B5-F4E57F5D1621}.DVD-5|x86.ActiveCfg = Debug|Any CPU
		{DB46E5F7-D6F2-40B7-A8B5-F4E57F5D1621}.Release|Any CPU.ActiveCfg = Release|Any CPU
		{DB46E5F7-D6F2-40B7-A8B5-F4E57F5D1621}.Release|Any CPU.Build.0 = Release|Any CPU
		{DB46E5F7-D6F2-40B7-A8B5-F4E57F5D1621}.Release|Mixed Platforms.ActiveCfg = Release|Any CPU
		{DB46E5F7-D6F2-40B7-A8B5-F4E57F5D1621}.Release|Mixed Platforms.Build.0 = Release|Any CPU
		{DB46E5F7-D6F2-40B7-A8B5-F4E57F5D1621}.Release|x86.ActiveCfg = Release|Any CPU
		{DB46E5F7-D6F2-40B7-A8B5-F4E57F5D1621}.SingleImage|Any CPU.ActiveCfg = Release|Any CPU
		{DB46E5F7-D6F2-40B7-A8B5-F4E57F5D1621}.SingleImage|Any CPU.Build.0 = Release|Any CPU
		{DB46E5F7-D6F2-40B7-A8B5-F4E57F5D1621}.SingleImage|Mixed Platforms.ActiveCfg = Release|Any CPU
		{DB46E5F7-D6F2-40B7-A8B5-F4E57F5D1621}.SingleImage|Mixed Platforms.Build.0 = Release|Any CPU
		{DB46E5F7-D6F2-40B7-A8B5-F4E57F5D1621}.SingleImage|x86.ActiveCfg = Release|Any CPU
		{DB46E5F7-D6F2-40B7-A8B5-F4E57F5D1621}.Test|Any CPU.ActiveCfg = Release|Any CPU
		{DB46E5F7-D6F2-40B7-A8B5-F4E57F5D1621}.Test|Any CPU.Build.0 = Release|Any CPU
		{DB46E5F7-D6F2-40B7-A8B5-F4E57F5D1621}.Test|Mixed Platforms.ActiveCfg = Release|Any CPU
		{DB46E5F7-D6F2-40B7-A8B5-F4E57F5D1621}.Test|Mixed Platforms.Build.0 = Release|Any CPU
		{DB46E5F7-D6F2-40B7-A8B5-F4E57F5D1621}.Test|x86.ActiveCfg = Release|Any CPU
	EndGlobalSection
	GlobalSection(SolutionProperties) = preSolution
		HideSolutionNode = FALSE
	EndGlobalSection
	GlobalSection(NestedProjects) = preSolution
		{20B33F17-25DF-4DB1-AC52-A8128AF0CDD1} = {F4A42EC6-E2AB-4A15-B222-28001B19C1FD}
		{B8749831-5746-4443-BEE9-9B01792C0D98} = {F4A42EC6-E2AB-4A15-B222-28001B19C1FD}
		{0B3F2A4C-8DDF-4DAB-B676-44C927921EFF} = {F4A42EC6-E2AB-4A15-B222-28001B19C1FD}
		{B8708C35-E94A-4819-9690-0C501E397B6D} = {F4A42EC6-E2AB-4A15-B222-28001B19C1FD}
		{A1DC656F-CF25-43A1-93E6-7AB3AA57B194} = {F4A42EC6-E2AB-4A15-B222-28001B19C1FD}
		{DB46E5F7-D6F2-40B7-A8B5-F4E57F5D1621} = {F4A42EC6-E2AB-4A15-B222-28001B19C1FD}
	EndGlobalSection
EndGlobal
