
Microsoft Visual Studio Solution File, Format Version 12.00
# Visual Studio 14
VisualStudioVersion = 14.0.25420.1
MinimumVisualStudioVersion = 10.0.40219.1
Project("{FAE04EC0-301F-11D3-BF4B-00C04F79EFBC}") = "TheBoxSoftware", "TheBoxSoftware\TheBoxSoftware.csproj", "{20B33F17-25DF-4DB1-AC52-A8128AF0CDD1}"
EndProject
Project("{FAE04EC0-301F-11D3-BF4B-00C04F79EFBC}") = "TheBoxSoftware.Reflection", "TheBoxSoftware.Reflection\TheBoxSoftware.Reflection.csproj", "{B8749831-5746-4443-BEE9-9B01792C0D98}"
EndProject
Project("{FAE04EC0-301F-11D3-BF4B-00C04F79EFBC}") = "TheBoxSoftware.Documentation", "TheBoxSoftware.Documentation\TheBoxSoftware.Documentation.csproj", "{0B3F2A4C-8DDF-4DAB-B676-44C927921EFF}"
EndProject
Project("{FAE04EC0-301F-11D3-BF4B-00C04F79EFBC}") = "TheBoxSoftware.Diagramming.WPF", "TheBoxSoftware.Diagramming.WPF\TheBoxSoftware.Diagramming.WPF.csproj", "{40F6DB3D-513C-490F-881A-298962634947}"
EndProject
Project("{FAE04EC0-301F-11D3-BF4B-00C04F79EFBC}") = "TheBoxSoftware.Diagramming", "TheBoxSoftware.Diagramming\TheBoxSoftware.Diagramming.csproj", "{E0931A15-6EBB-46EA-969D-37FD924D9233}"
EndProject
Project("{FAE04EC0-301F-11D3-BF4B-00C04F79EFBC}") = "TheBoxSoftware.DeveloperSuite.PEViewer", "TheBoxSoftware.DeveloperSuite.PeViewer\TheBoxSoftware.DeveloperSuite.PEViewer.csproj", "{E23C4A5D-127A-48B1-A17E-4972054A078F}"
EndProject
Project("{FAE04EC0-301F-11D3-BF4B-00C04F79EFBC}") = "TheBoxSoftware.DeveloperSuite.LiveDocumenter.Exporter", "TheBoxSoftware.DeveloperSuite.LiveDocumenter.Exporter\TheBoxSoftware.DeveloperSuite.LiveDocumenter.Exporter.csproj", "{B8708C35-E94A-4819-9690-0C501E397B6D}"
EndProject
Project("{FAE04EC0-301F-11D3-BF4B-00C04F79EFBC}") = "TheBoxSoftware.DeveloperSuite.LiveDocumenter", "TheBoxSoftware.DeveloperSuite.LiveDocumenter\TheBoxSoftware.DeveloperSuite.LiveDocumenter.csproj", "{A1DC656F-CF25-43A1-93E6-7AB3AA57B194}"
EndProject
Project("{FAE04EC0-301F-11D3-BF4B-00C04F79EFBC}") = "TheBoxSoftware.API.LiveDocumentor", "TheBoxSoftware.API.LiveDocumenter\TheBoxSoftware.API.LiveDocumentor.csproj", "{DB46E5F7-D6F2-40B7-A8B5-F4E57F5D1621}"
EndProject
Project("{2150E333-8FDC-42A3-9474-1A3956D46DE8}") = "lib", "lib", "{194E1A63-5082-45C6-BD0F-9C15A4A7A22E}"
	ProjectSection(SolutionItems) = preProject
		Solution Items\DocumentationTest.dll = Solution Items\DocumentationTest.dll
		Solution Items\ExporterVersionInfo.cs = Solution Items\ExporterVersionInfo.cs
		Solution Items\IKVM.OpenJDK.Charsets.dll = Solution Items\IKVM.OpenJDK.Charsets.dll
		Solution Items\IKVM.OpenJDK.Core.dll = Solution Items\IKVM.OpenJDK.Core.dll
		Solution Items\IKVM.OpenJDK.Text.dll = Solution Items\IKVM.OpenJDK.Text.dll
		Solution Items\IKVM.OpenJDK.Util.dll = Solution Items\IKVM.OpenJDK.Util.dll
		Solution Items\IKVM.OpenJDK.XML.API.dll = Solution Items\IKVM.OpenJDK.XML.API.dll
		Solution Items\IKVM.Runtime.dll = Solution Items\IKVM.Runtime.dll
		Solution Items\Ionic.Zip.dll = Solution Items\Ionic.Zip.dll
		Solution Items\LibraryVersionInfo.cs = Solution Items\LibraryVersionInfo.cs
		Solution Items\LiveDocumenterVersionInfo.cs = Solution Items\LiveDocumenterVersionInfo.cs
		Solution Items\Performance.psess = Solution Items\Performance.psess
		Solution Items\PEViewerVersionInfo.cs = Solution Items\PEViewerVersionInfo.cs
		Solution Items\saxon9he-api.dll = Solution Items\saxon9he-api.dll
		Solution Items\saxon9he.dll = Solution Items\saxon9he.dll
		Solution Items\System.Windows.Controls.Input.Toolkit.dll = Solution Items\System.Windows.Controls.Input.Toolkit.dll
		Solution Items\TheBoxSoftware.Reflection.dll = Solution Items\TheBoxSoftware.Reflection.dll
	EndProjectSection
EndProject
Project("{2150E333-8FDC-42A3-9474-1A3956D46DE8}") = "4. Utilities", "4. Utilities", "{87C0012D-44C8-4F6E-B9BD-56C226A67C93}"
EndProject
Project("{FAE04EC0-301F-11D3-BF4B-00C04F79EFBC}") = "License Utility", "4. Utilities\License Utility\License Utility.csproj", "{9125D912-81EE-4221-B5FB-7DD63B92FFB2}"
EndProject
Project("{FAE04EC0-301F-11D3-BF4B-00C04F79EFBC}") = "TheBoxSoftware.Documentation.Tests", "TheBoxSoftware.Documentation.Tests\TheBoxSoftware.Documentation.Tests.csproj", "{2216040E-9D5A-4DF5-ADF3-1561D08794FC}"
EndProject
Project("{FAE04EC0-301F-11D3-BF4B-00C04F79EFBC}") = "TheBoxSoftware.Reflection.Tests", "TheBoxSoftware.Reflection.Tests\TheBoxSoftware.Reflection.Tests.csproj", "{B16D4531-1D80-4E6F-8A9B-0D194E89B2F5}"
EndProject
Project("{FAE04EC0-301F-11D3-BF4B-00C04F79EFBC}") = "PerformanceTests", "PerformanceTests\PerformanceTests.csproj", "{B2D8ADEC-F1F7-414A-A31D-BC7E375E282A}"
EndProject
Project("{2150E333-8FDC-42A3-9474-1A3956D46DE8}") = "1. Integration Tests", "1. Integration Tests", "{3528818F-F8CC-44FD-9483-70B64BF588A0}"
EndProject
Project("{FAE04EC0-301F-11D3-BF4B-00C04F79EFBC}") = "DocumentationTest", "1. Tests\99. Old\DocumentationTest\DocumentationTest.csproj", "{2AD369A3-7737-4EC5-A4BA-3E846F80C066}"
EndProject
Global
	GlobalSection(Performance) = preSolution
		HasPerformanceSessions = true
	EndGlobalSection
	GlobalSection(SolutionConfigurationPlatforms) = preSolution
		Debug|Any CPU = Debug|Any CPU
		Debug|Mixed Platforms = Debug|Mixed Platforms
		Debug|x86 = Debug|x86
		Release|Any CPU = Release|Any CPU
		Release|Mixed Platforms = Release|Mixed Platforms
		Release|x86 = Release|x86
		Test|Any CPU = Test|Any CPU
		Test|Mixed Platforms = Test|Mixed Platforms
		Test|x86 = Test|x86
	EndGlobalSection
	GlobalSection(ProjectConfigurationPlatforms) = postSolution
		{20B33F17-25DF-4DB1-AC52-A8128AF0CDD1}.Debug|Any CPU.ActiveCfg = Debug|Any CPU
		{20B33F17-25DF-4DB1-AC52-A8128AF0CDD1}.Debug|Any CPU.Build.0 = Debug|Any CPU
		{20B33F17-25DF-4DB1-AC52-A8128AF0CDD1}.Debug|Mixed Platforms.ActiveCfg = Debug|Any CPU
		{20B33F17-25DF-4DB1-AC52-A8128AF0CDD1}.Debug|Mixed Platforms.Build.0 = Debug|Any CPU
		{20B33F17-25DF-4DB1-AC52-A8128AF0CDD1}.Debug|x86.ActiveCfg = Debug|Any CPU
		{20B33F17-25DF-4DB1-AC52-A8128AF0CDD1}.Release|Any CPU.ActiveCfg = Release|Any CPU
		{20B33F17-25DF-4DB1-AC52-A8128AF0CDD1}.Release|Any CPU.Build.0 = Release|Any CPU
		{20B33F17-25DF-4DB1-AC52-A8128AF0CDD1}.Release|Mixed Platforms.ActiveCfg = Release|Any CPU
		{20B33F17-25DF-4DB1-AC52-A8128AF0CDD1}.Release|Mixed Platforms.Build.0 = Release|Any CPU
		{20B33F17-25DF-4DB1-AC52-A8128AF0CDD1}.Release|x86.ActiveCfg = Release|Any CPU
		{20B33F17-25DF-4DB1-AC52-A8128AF0CDD1}.Test|Any CPU.ActiveCfg = Release|Any CPU
		{20B33F17-25DF-4DB1-AC52-A8128AF0CDD1}.Test|Any CPU.Build.0 = Release|Any CPU
		{20B33F17-25DF-4DB1-AC52-A8128AF0CDD1}.Test|Mixed Platforms.ActiveCfg = Release|Any CPU
		{20B33F17-25DF-4DB1-AC52-A8128AF0CDD1}.Test|Mixed Platforms.Build.0 = Release|Any CPU
		{20B33F17-25DF-4DB1-AC52-A8128AF0CDD1}.Test|x86.ActiveCfg = Release|Any CPU
		{B8749831-5746-4443-BEE9-9B01792C0D98}.Debug|Any CPU.ActiveCfg = Debug|Any CPU
		{B8749831-5746-4443-BEE9-9B01792C0D98}.Debug|Any CPU.Build.0 = Debug|Any CPU
		{B8749831-5746-4443-BEE9-9B01792C0D98}.Debug|Mixed Platforms.ActiveCfg = Debug|Any CPU
		{B8749831-5746-4443-BEE9-9B01792C0D98}.Debug|Mixed Platforms.Build.0 = Debug|Any CPU
		{B8749831-5746-4443-BEE9-9B01792C0D98}.Debug|x86.ActiveCfg = Debug|Any CPU
		{B8749831-5746-4443-BEE9-9B01792C0D98}.Release|Any CPU.ActiveCfg = Release|Any CPU
		{B8749831-5746-4443-BEE9-9B01792C0D98}.Release|Any CPU.Build.0 = Release|Any CPU
		{B8749831-5746-4443-BEE9-9B01792C0D98}.Release|Mixed Platforms.ActiveCfg = Release|Any CPU
		{B8749831-5746-4443-BEE9-9B01792C0D98}.Release|Mixed Platforms.Build.0 = Release|Any CPU
		{B8749831-5746-4443-BEE9-9B01792C0D98}.Release|x86.ActiveCfg = Release|Any CPU
		{B8749831-5746-4443-BEE9-9B01792C0D98}.Test|Any CPU.ActiveCfg = Test|Any CPU
		{B8749831-5746-4443-BEE9-9B01792C0D98}.Test|Any CPU.Build.0 = Test|Any CPU
		{B8749831-5746-4443-BEE9-9B01792C0D98}.Test|Mixed Platforms.ActiveCfg = Test|Any CPU
		{B8749831-5746-4443-BEE9-9B01792C0D98}.Test|Mixed Platforms.Build.0 = Test|Any CPU
		{B8749831-5746-4443-BEE9-9B01792C0D98}.Test|x86.ActiveCfg = Test|Any CPU
		{0B3F2A4C-8DDF-4DAB-B676-44C927921EFF}.Debug|Any CPU.ActiveCfg = Debug|Any CPU
		{0B3F2A4C-8DDF-4DAB-B676-44C927921EFF}.Debug|Any CPU.Build.0 = Debug|Any CPU
		{0B3F2A4C-8DDF-4DAB-B676-44C927921EFF}.Debug|Mixed Platforms.ActiveCfg = Debug|Any CPU
		{0B3F2A4C-8DDF-4DAB-B676-44C927921EFF}.Debug|Mixed Platforms.Build.0 = Debug|Any CPU
		{0B3F2A4C-8DDF-4DAB-B676-44C927921EFF}.Debug|x86.ActiveCfg = Debug|Any CPU
		{0B3F2A4C-8DDF-4DAB-B676-44C927921EFF}.Release|Any CPU.ActiveCfg = Release|Any CPU
		{0B3F2A4C-8DDF-4DAB-B676-44C927921EFF}.Release|Any CPU.Build.0 = Release|Any CPU
		{0B3F2A4C-8DDF-4DAB-B676-44C927921EFF}.Release|Mixed Platforms.ActiveCfg = Release|Any CPU
		{0B3F2A4C-8DDF-4DAB-B676-44C927921EFF}.Release|Mixed Platforms.Build.0 = Release|Any CPU
		{0B3F2A4C-8DDF-4DAB-B676-44C927921EFF}.Release|x86.ActiveCfg = Release|Any CPU
		{0B3F2A4C-8DDF-4DAB-B676-44C927921EFF}.Test|Any CPU.ActiveCfg = Test|Any CPU
		{0B3F2A4C-8DDF-4DAB-B676-44C927921EFF}.Test|Any CPU.Build.0 = Test|Any CPU
		{0B3F2A4C-8DDF-4DAB-B676-44C927921EFF}.Test|Mixed Platforms.ActiveCfg = Test|Any CPU
		{0B3F2A4C-8DDF-4DAB-B676-44C927921EFF}.Test|Mixed Platforms.Build.0 = Test|Any CPU
		{0B3F2A4C-8DDF-4DAB-B676-44C927921EFF}.Test|x86.ActiveCfg = Test|Any CPU
		{40F6DB3D-513C-490F-881A-298962634947}.Debug|Any CPU.ActiveCfg = Debug|Any CPU
		{40F6DB3D-513C-490F-881A-298962634947}.Debug|Any CPU.Build.0 = Debug|Any CPU
		{40F6DB3D-513C-490F-881A-298962634947}.Debug|Mixed Platforms.ActiveCfg = Debug|Any CPU
		{40F6DB3D-513C-490F-881A-298962634947}.Debug|Mixed Platforms.Build.0 = Debug|Any CPU
		{40F6DB3D-513C-490F-881A-298962634947}.Debug|x86.ActiveCfg = Debug|Any CPU
		{40F6DB3D-513C-490F-881A-298962634947}.Release|Any CPU.ActiveCfg = Release|Any CPU
		{40F6DB3D-513C-490F-881A-298962634947}.Release|Any CPU.Build.0 = Release|Any CPU
		{40F6DB3D-513C-490F-881A-298962634947}.Release|Mixed Platforms.ActiveCfg = Release|Any CPU
		{40F6DB3D-513C-490F-881A-298962634947}.Release|Mixed Platforms.Build.0 = Release|Any CPU
		{40F6DB3D-513C-490F-881A-298962634947}.Release|x86.ActiveCfg = Release|Any CPU
		{40F6DB3D-513C-490F-881A-298962634947}.Test|Any CPU.ActiveCfg = Release|Any CPU
		{40F6DB3D-513C-490F-881A-298962634947}.Test|Any CPU.Build.0 = Release|Any CPU
		{40F6DB3D-513C-490F-881A-298962634947}.Test|Mixed Platforms.ActiveCfg = Release|Any CPU
		{40F6DB3D-513C-490F-881A-298962634947}.Test|Mixed Platforms.Build.0 = Release|Any CPU
		{40F6DB3D-513C-490F-881A-298962634947}.Test|x86.ActiveCfg = Release|Any CPU
		{E0931A15-6EBB-46EA-969D-37FD924D9233}.Debug|Any CPU.ActiveCfg = Debug|Any CPU
		{E0931A15-6EBB-46EA-969D-37FD924D9233}.Debug|Any CPU.Build.0 = Debug|Any CPU
		{E0931A15-6EBB-46EA-969D-37FD924D9233}.Debug|Mixed Platforms.ActiveCfg = Debug|Any CPU
		{E0931A15-6EBB-46EA-969D-37FD924D9233}.Debug|Mixed Platforms.Build.0 = Debug|Any CPU
		{E0931A15-6EBB-46EA-969D-37FD924D9233}.Debug|x86.ActiveCfg = Debug|Any CPU
		{E0931A15-6EBB-46EA-969D-37FD924D9233}.Release|Any CPU.ActiveCfg = Release|Any CPU
		{E0931A15-6EBB-46EA-969D-37FD924D9233}.Release|Any CPU.Build.0 = Release|Any CPU
		{E0931A15-6EBB-46EA-969D-37FD924D9233}.Release|Mixed Platforms.ActiveCfg = Release|Any CPU
		{E0931A15-6EBB-46EA-969D-37FD924D9233}.Release|Mixed Platforms.Build.0 = Release|Any CPU
		{E0931A15-6EBB-46EA-969D-37FD924D9233}.Release|x86.ActiveCfg = Release|Any CPU
		{E0931A15-6EBB-46EA-969D-37FD924D9233}.Test|Any CPU.ActiveCfg = Release|Any CPU
		{E0931A15-6EBB-46EA-969D-37FD924D9233}.Test|Any CPU.Build.0 = Release|Any CPU
		{E0931A15-6EBB-46EA-969D-37FD924D9233}.Test|Mixed Platforms.ActiveCfg = Release|Any CPU
		{E0931A15-6EBB-46EA-969D-37FD924D9233}.Test|Mixed Platforms.Build.0 = Release|Any CPU
		{E0931A15-6EBB-46EA-969D-37FD924D9233}.Test|x86.ActiveCfg = Release|Any CPU
		{E23C4A5D-127A-48B1-A17E-4972054A078F}.Debug|Any CPU.ActiveCfg = Debug|Any CPU
		{E23C4A5D-127A-48B1-A17E-4972054A078F}.Debug|Any CPU.Build.0 = Debug|Any CPU
		{E23C4A5D-127A-48B1-A17E-4972054A078F}.Debug|Mixed Platforms.ActiveCfg = Debug|Any CPU
		{E23C4A5D-127A-48B1-A17E-4972054A078F}.Debug|Mixed Platforms.Build.0 = Debug|Any CPU
		{E23C4A5D-127A-48B1-A17E-4972054A078F}.Debug|x86.ActiveCfg = Debug|Any CPU
		{E23C4A5D-127A-48B1-A17E-4972054A078F}.Release|Any CPU.ActiveCfg = Release|Any CPU
		{E23C4A5D-127A-48B1-A17E-4972054A078F}.Release|Any CPU.Build.0 = Release|Any CPU
		{E23C4A5D-127A-48B1-A17E-4972054A078F}.Release|Mixed Platforms.ActiveCfg = Release|Any CPU
		{E23C4A5D-127A-48B1-A17E-4972054A078F}.Release|Mixed Platforms.Build.0 = Release|Any CPU
		{E23C4A5D-127A-48B1-A17E-4972054A078F}.Release|x86.ActiveCfg = Release|Any CPU
		{E23C4A5D-127A-48B1-A17E-4972054A078F}.Test|Any CPU.ActiveCfg = Release|Any CPU
		{E23C4A5D-127A-48B1-A17E-4972054A078F}.Test|Any CPU.Build.0 = Release|Any CPU
		{E23C4A5D-127A-48B1-A17E-4972054A078F}.Test|Mixed Platforms.ActiveCfg = Release|Any CPU
		{E23C4A5D-127A-48B1-A17E-4972054A078F}.Test|Mixed Platforms.Build.0 = Release|Any CPU
		{E23C4A5D-127A-48B1-A17E-4972054A078F}.Test|x86.ActiveCfg = Release|Any CPU
		{B8708C35-E94A-4819-9690-0C501E397B6D}.Debug|Any CPU.ActiveCfg = Debug|x86
		{B8708C35-E94A-4819-9690-0C501E397B6D}.Debug|Mixed Platforms.ActiveCfg = Debug|x86
		{B8708C35-E94A-4819-9690-0C501E397B6D}.Debug|Mixed Platforms.Build.0 = Debug|x86
		{B8708C35-E94A-4819-9690-0C501E397B6D}.Debug|x86.ActiveCfg = Debug|x86
		{B8708C35-E94A-4819-9690-0C501E397B6D}.Debug|x86.Build.0 = Debug|x86
		{B8708C35-E94A-4819-9690-0C501E397B6D}.Release|Any CPU.ActiveCfg = Release|x86
		{B8708C35-E94A-4819-9690-0C501E397B6D}.Release|Mixed Platforms.ActiveCfg = Release|x86
		{B8708C35-E94A-4819-9690-0C501E397B6D}.Release|Mixed Platforms.Build.0 = Release|x86
		{B8708C35-E94A-4819-9690-0C501E397B6D}.Release|x86.ActiveCfg = Release|x86
		{B8708C35-E94A-4819-9690-0C501E397B6D}.Release|x86.Build.0 = Release|x86
		{B8708C35-E94A-4819-9690-0C501E397B6D}.Test|Any CPU.ActiveCfg = Release|x86
		{B8708C35-E94A-4819-9690-0C501E397B6D}.Test|Mixed Platforms.ActiveCfg = Release|x86
		{B8708C35-E94A-4819-9690-0C501E397B6D}.Test|Mixed Platforms.Build.0 = Release|x86
		{B8708C35-E94A-4819-9690-0C501E397B6D}.Test|x86.ActiveCfg = Release|x86
		{B8708C35-E94A-4819-9690-0C501E397B6D}.Test|x86.Build.0 = Release|x86
		{A1DC656F-CF25-43A1-93E6-7AB3AA57B194}.Debug|Any CPU.ActiveCfg = Debug|Any CPU
		{A1DC656F-CF25-43A1-93E6-7AB3AA57B194}.Debug|Any CPU.Build.0 = Debug|Any CPU
		{A1DC656F-CF25-43A1-93E6-7AB3AA57B194}.Debug|Mixed Platforms.ActiveCfg = Debug|Any CPU
		{A1DC656F-CF25-43A1-93E6-7AB3AA57B194}.Debug|Mixed Platforms.Build.0 = Debug|Any CPU
		{A1DC656F-CF25-43A1-93E6-7AB3AA57B194}.Debug|x86.ActiveCfg = Debug|Any CPU
		{A1DC656F-CF25-43A1-93E6-7AB3AA57B194}.Release|Any CPU.ActiveCfg = Release|Any CPU
		{A1DC656F-CF25-43A1-93E6-7AB3AA57B194}.Release|Any CPU.Build.0 = Release|Any CPU
		{A1DC656F-CF25-43A1-93E6-7AB3AA57B194}.Release|Mixed Platforms.ActiveCfg = Release|Any CPU
		{A1DC656F-CF25-43A1-93E6-7AB3AA57B194}.Release|Mixed Platforms.Build.0 = Release|Any CPU
		{A1DC656F-CF25-43A1-93E6-7AB3AA57B194}.Release|x86.ActiveCfg = Release|Any CPU
		{A1DC656F-CF25-43A1-93E6-7AB3AA57B194}.Test|Any CPU.ActiveCfg = Release|Any CPU
		{A1DC656F-CF25-43A1-93E6-7AB3AA57B194}.Test|Any CPU.Build.0 = Release|Any CPU
		{A1DC656F-CF25-43A1-93E6-7AB3AA57B194}.Test|Mixed Platforms.ActiveCfg = Release|Any CPU
		{A1DC656F-CF25-43A1-93E6-7AB3AA57B194}.Test|Mixed Platforms.Build.0 = Release|Any CPU
		{A1DC656F-CF25-43A1-93E6-7AB3AA57B194}.Test|x86.ActiveCfg = Release|Any CPU
		{DB46E5F7-D6F2-40B7-A8B5-F4E57F5D1621}.Debug|Any CPU.ActiveCfg = Debug|Any CPU
		{DB46E5F7-D6F2-40B7-A8B5-F4E57F5D1621}.Debug|Any CPU.Build.0 = Debug|Any CPU
		{DB46E5F7-D6F2-40B7-A8B5-F4E57F5D1621}.Debug|Mixed Platforms.ActiveCfg = Debug|Any CPU
		{DB46E5F7-D6F2-40B7-A8B5-F4E57F5D1621}.Debug|Mixed Platforms.Build.0 = Debug|Any CPU
		{DB46E5F7-D6F2-40B7-A8B5-F4E57F5D1621}.Debug|x86.ActiveCfg = Debug|Any CPU
		{DB46E5F7-D6F2-40B7-A8B5-F4E57F5D1621}.Release|Any CPU.ActiveCfg = Release|Any CPU
		{DB46E5F7-D6F2-40B7-A8B5-F4E57F5D1621}.Release|Any CPU.Build.0 = Release|Any CPU
		{DB46E5F7-D6F2-40B7-A8B5-F4E57F5D1621}.Release|Mixed Platforms.ActiveCfg = Release|Any CPU
		{DB46E5F7-D6F2-40B7-A8B5-F4E57F5D1621}.Release|Mixed Platforms.Build.0 = Release|Any CPU
		{DB46E5F7-D6F2-40B7-A8B5-F4E57F5D1621}.Release|x86.ActiveCfg = Release|Any CPU
		{DB46E5F7-D6F2-40B7-A8B5-F4E57F5D1621}.Test|Any CPU.ActiveCfg = Release|Any CPU
		{DB46E5F7-D6F2-40B7-A8B5-F4E57F5D1621}.Test|Any CPU.Build.0 = Release|Any CPU
		{DB46E5F7-D6F2-40B7-A8B5-F4E57F5D1621}.Test|Mixed Platforms.ActiveCfg = Release|Any CPU
		{DB46E5F7-D6F2-40B7-A8B5-F4E57F5D1621}.Test|Mixed Platforms.Build.0 = Release|Any CPU
		{DB46E5F7-D6F2-40B7-A8B5-F4E57F5D1621}.Test|x86.ActiveCfg = Release|Any CPU
		{9125D912-81EE-4221-B5FB-7DD63B92FFB2}.Debug|Any CPU.ActiveCfg = Debug|Any CPU
		{9125D912-81EE-4221-B5FB-7DD63B92FFB2}.Debug|Any CPU.Build.0 = Debug|Any CPU
		{9125D912-81EE-4221-B5FB-7DD63B92FFB2}.Debug|Mixed Platforms.ActiveCfg = Debug|Any CPU
		{9125D912-81EE-4221-B5FB-7DD63B92FFB2}.Debug|Mixed Platforms.Build.0 = Debug|Any CPU
		{9125D912-81EE-4221-B5FB-7DD63B92FFB2}.Debug|x86.ActiveCfg = Debug|Any CPU
		{9125D912-81EE-4221-B5FB-7DD63B92FFB2}.Release|Any CPU.ActiveCfg = Release|Any CPU
		{9125D912-81EE-4221-B5FB-7DD63B92FFB2}.Release|Any CPU.Build.0 = Release|Any CPU
		{9125D912-81EE-4221-B5FB-7DD63B92FFB2}.Release|Mixed Platforms.ActiveCfg = Release|Any CPU
		{9125D912-81EE-4221-B5FB-7DD63B92FFB2}.Release|Mixed Platforms.Build.0 = Release|Any CPU
		{9125D912-81EE-4221-B5FB-7DD63B92FFB2}.Release|x86.ActiveCfg = Release|Any CPU
		{9125D912-81EE-4221-B5FB-7DD63B92FFB2}.Test|Any CPU.ActiveCfg = Release|Any CPU
		{9125D912-81EE-4221-B5FB-7DD63B92FFB2}.Test|Any CPU.Build.0 = Release|Any CPU
		{9125D912-81EE-4221-B5FB-7DD63B92FFB2}.Test|Mixed Platforms.ActiveCfg = Release|Any CPU
		{9125D912-81EE-4221-B5FB-7DD63B92FFB2}.Test|Mixed Platforms.Build.0 = Release|Any CPU
		{9125D912-81EE-4221-B5FB-7DD63B92FFB2}.Test|x86.ActiveCfg = Release|Any CPU
		{2216040E-9D5A-4DF5-ADF3-1561D08794FC}.Debug|Any CPU.ActiveCfg = Debug|Any CPU
		{2216040E-9D5A-4DF5-ADF3-1561D08794FC}.Debug|Any CPU.Build.0 = Debug|Any CPU
		{2216040E-9D5A-4DF5-ADF3-1561D08794FC}.Debug|Mixed Platforms.ActiveCfg = Debug|Any CPU
		{2216040E-9D5A-4DF5-ADF3-1561D08794FC}.Debug|Mixed Platforms.Build.0 = Debug|Any CPU
		{2216040E-9D5A-4DF5-ADF3-1561D08794FC}.Debug|x86.ActiveCfg = Debug|Any CPU
		{2216040E-9D5A-4DF5-ADF3-1561D08794FC}.Debug|x86.Build.0 = Debug|Any CPU
		{2216040E-9D5A-4DF5-ADF3-1561D08794FC}.Release|Any CPU.ActiveCfg = Release|Any CPU
		{2216040E-9D5A-4DF5-ADF3-1561D08794FC}.Release|Any CPU.Build.0 = Release|Any CPU
		{2216040E-9D5A-4DF5-ADF3-1561D08794FC}.Release|Mixed Platforms.ActiveCfg = Release|Any CPU
		{2216040E-9D5A-4DF5-ADF3-1561D08794FC}.Release|Mixed Platforms.Build.0 = Release|Any CPU
		{2216040E-9D5A-4DF5-ADF3-1561D08794FC}.Release|x86.ActiveCfg = Release|Any CPU
		{2216040E-9D5A-4DF5-ADF3-1561D08794FC}.Release|x86.Build.0 = Release|Any CPU
		{2216040E-9D5A-4DF5-ADF3-1561D08794FC}.Test|Any CPU.ActiveCfg = Release|Any CPU
		{2216040E-9D5A-4DF5-ADF3-1561D08794FC}.Test|Any CPU.Build.0 = Release|Any CPU
		{2216040E-9D5A-4DF5-ADF3-1561D08794FC}.Test|Mixed Platforms.ActiveCfg = Release|Any CPU
		{2216040E-9D5A-4DF5-ADF3-1561D08794FC}.Test|Mixed Platforms.Build.0 = Release|Any CPU
		{2216040E-9D5A-4DF5-ADF3-1561D08794FC}.Test|x86.ActiveCfg = Release|Any CPU
		{2216040E-9D5A-4DF5-ADF3-1561D08794FC}.Test|x86.Build.0 = Release|Any CPU
		{B16D4531-1D80-4E6F-8A9B-0D194E89B2F5}.Debug|Any CPU.ActiveCfg = Debug|Any CPU
		{B16D4531-1D80-4E6F-8A9B-0D194E89B2F5}.Debug|Any CPU.Build.0 = Debug|Any CPU
		{B16D4531-1D80-4E6F-8A9B-0D194E89B2F5}.Debug|Mixed Platforms.ActiveCfg = Debug|Any CPU
		{B16D4531-1D80-4E6F-8A9B-0D194E89B2F5}.Debug|Mixed Platforms.Build.0 = Debug|Any CPU
		{B16D4531-1D80-4E6F-8A9B-0D194E89B2F5}.Debug|x86.ActiveCfg = Debug|Any CPU
		{B16D4531-1D80-4E6F-8A9B-0D194E89B2F5}.Debug|x86.Build.0 = Debug|Any CPU
		{B16D4531-1D80-4E6F-8A9B-0D194E89B2F5}.Release|Any CPU.ActiveCfg = Release|Any CPU
		{B16D4531-1D80-4E6F-8A9B-0D194E89B2F5}.Release|Any CPU.Build.0 = Release|Any CPU
		{B16D4531-1D80-4E6F-8A9B-0D194E89B2F5}.Release|Mixed Platforms.ActiveCfg = Release|Any CPU
		{B16D4531-1D80-4E6F-8A9B-0D194E89B2F5}.Release|Mixed Platforms.Build.0 = Release|Any CPU
		{B16D4531-1D80-4E6F-8A9B-0D194E89B2F5}.Release|x86.ActiveCfg = Release|Any CPU
		{B16D4531-1D80-4E6F-8A9B-0D194E89B2F5}.Release|x86.Build.0 = Release|Any CPU
		{B16D4531-1D80-4E6F-8A9B-0D194E89B2F5}.Test|Any CPU.ActiveCfg = Release|Any CPU
		{B16D4531-1D80-4E6F-8A9B-0D194E89B2F5}.Test|Any CPU.Build.0 = Release|Any CPU
		{B16D4531-1D80-4E6F-8A9B-0D194E89B2F5}.Test|Mixed Platforms.ActiveCfg = Release|Any CPU
		{B16D4531-1D80-4E6F-8A9B-0D194E89B2F5}.Test|Mixed Platforms.Build.0 = Release|Any CPU
		{B16D4531-1D80-4E6F-8A9B-0D194E89B2F5}.Test|x86.ActiveCfg = Release|Any CPU
		{B16D4531-1D80-4E6F-8A9B-0D194E89B2F5}.Test|x86.Build.0 = Release|Any CPU
		{B2D8ADEC-F1F7-414A-A31D-BC7E375E282A}.Debug|Any CPU.ActiveCfg = Debug|Any CPU
		{B2D8ADEC-F1F7-414A-A31D-BC7E375E282A}.Debug|Any CPU.Build.0 = Debug|Any CPU
		{B2D8ADEC-F1F7-414A-A31D-BC7E375E282A}.Debug|Mixed Platforms.ActiveCfg = Debug|Any CPU
		{B2D8ADEC-F1F7-414A-A31D-BC7E375E282A}.Debug|Mixed Platforms.Build.0 = Debug|Any CPU
		{B2D8ADEC-F1F7-414A-A31D-BC7E375E282A}.Debug|x86.ActiveCfg = Debug|Any CPU
		{B2D8ADEC-F1F7-414A-A31D-BC7E375E282A}.Debug|x86.Build.0 = Debug|Any CPU
		{B2D8ADEC-F1F7-414A-A31D-BC7E375E282A}.Release|Any CPU.ActiveCfg = Release|Any CPU
		{B2D8ADEC-F1F7-414A-A31D-BC7E375E282A}.Release|Any CPU.Build.0 = Release|Any CPU
		{B2D8ADEC-F1F7-414A-A31D-BC7E375E282A}.Release|Mixed Platforms.ActiveCfg = Release|Any CPU
		{B2D8ADEC-F1F7-414A-A31D-BC7E375E282A}.Release|Mixed Platforms.Build.0 = Release|Any CPU
		{B2D8ADEC-F1F7-414A-A31D-BC7E375E282A}.Release|x86.ActiveCfg = Release|Any CPU
		{B2D8ADEC-F1F7-414A-A31D-BC7E375E282A}.Release|x86.Build.0 = Release|Any CPU
		{B2D8ADEC-F1F7-414A-A31D-BC7E375E282A}.Test|Any CPU.ActiveCfg = Release|Any CPU
		{B2D8ADEC-F1F7-414A-A31D-BC7E375E282A}.Test|Any CPU.Build.0 = Release|Any CPU
		{B2D8ADEC-F1F7-414A-A31D-BC7E375E282A}.Test|Mixed Platforms.ActiveCfg = Release|Any CPU
		{B2D8ADEC-F1F7-414A-A31D-BC7E375E282A}.Test|Mixed Platforms.Build.0 = Release|Any CPU
		{B2D8ADEC-F1F7-414A-A31D-BC7E375E282A}.Test|x86.ActiveCfg = Release|Any CPU
		{B2D8ADEC-F1F7-414A-A31D-BC7E375E282A}.Test|x86.Build.0 = Release|Any CPU
		{2AD369A3-7737-4EC5-A4BA-3E846F80C066}.Debug|Any CPU.ActiveCfg = Debug|Any CPU
		{2AD369A3-7737-4EC5-A4BA-3E846F80C066}.Debug|Any CPU.Build.0 = Debug|Any CPU
		{2AD369A3-7737-4EC5-A4BA-3E846F80C066}.Debug|Mixed Platforms.ActiveCfg = Debug|Any CPU
		{2AD369A3-7737-4EC5-A4BA-3E846F80C066}.Debug|Mixed Platforms.Build.0 = Debug|Any CPU
		{2AD369A3-7737-4EC5-A4BA-3E846F80C066}.Debug|x86.ActiveCfg = Debug|Any CPU
		{2AD369A3-7737-4EC5-A4BA-3E846F80C066}.Debug|x86.Build.0 = Debug|Any CPU
		{2AD369A3-7737-4EC5-A4BA-3E846F80C066}.Release|Any CPU.ActiveCfg = Release|Any CPU
		{2AD369A3-7737-4EC5-A4BA-3E846F80C066}.Release|Any CPU.Build.0 = Release|Any CPU
		{2AD369A3-7737-4EC5-A4BA-3E846F80C066}.Release|Mixed Platforms.ActiveCfg = Release|Any CPU
		{2AD369A3-7737-4EC5-A4BA-3E846F80C066}.Release|Mixed Platforms.Build.0 = Release|Any CPU
		{2AD369A3-7737-4EC5-A4BA-3E846F80C066}.Release|x86.ActiveCfg = Release|Any CPU
		{2AD369A3-7737-4EC5-A4BA-3E846F80C066}.Release|x86.Build.0 = Release|Any CPU
		{2AD369A3-7737-4EC5-A4BA-3E846F80C066}.Test|Any CPU.ActiveCfg = Test|Any CPU
		{2AD369A3-7737-4EC5-A4BA-3E846F80C066}.Test|Any CPU.Build.0 = Test|Any CPU
		{2AD369A3-7737-4EC5-A4BA-3E846F80C066}.Test|Mixed Platforms.ActiveCfg = Test|Any CPU
		{2AD369A3-7737-4EC5-A4BA-3E846F80C066}.Test|Mixed Platforms.Build.0 = Test|Any CPU
		{2AD369A3-7737-4EC5-A4BA-3E846F80C066}.Test|x86.ActiveCfg = Test|Any CPU
		{2AD369A3-7737-4EC5-A4BA-3E846F80C066}.Test|x86.Build.0 = Test|Any CPU
	EndGlobalSection
	GlobalSection(SolutionProperties) = preSolution
		HideSolutionNode = FALSE
	EndGlobalSection
	GlobalSection(NestedProjects) = preSolution
		{9125D912-81EE-4221-B5FB-7DD63B92FFB2} = {87C0012D-44C8-4F6E-B9BD-56C226A67C93}
		{2AD369A3-7737-4EC5-A4BA-3E846F80C066} = {3528818F-F8CC-44FD-9483-70B64BF588A0}
	EndGlobalSection
EndGlobal
